// !$*UTF8*$!
{
	archiveVersion = 1;
	classes = {
	};
	objectVersion = 56;
	objects = {

/* Begin PBXBuildFile section */
		0901E8512B7385AF007C11A5 /* TrendingBooksGridView.swift in Sources */ = {isa = PBXBuildFile; fileRef = 0901E8502B7385AF007C11A5 /* TrendingBooksGridView.swift */; };
		0901E8532B73A8CD007C11A5 /* CommunityView.swift in Sources */ = {isa = PBXBuildFile; fileRef = 0901E8522B73A8CD007C11A5 /* CommunityView.swift */; };
		0901E85A2B73C3C7007C11A5 /* LoginView.swift in Sources */ = {isa = PBXBuildFile; fileRef = 0901E8592B73C3C7007C11A5 /* LoginView.swift */; };
		0901E85C2B73C9C1007C11A5 /* InteractedSecureField.swift in Sources */ = {isa = PBXBuildFile; fileRef = 0901E85B2B73C9C1007C11A5 /* InteractedSecureField.swift */; };
		0901E85F2B73E855007C11A5 /* SearchBar.swift in Sources */ = {isa = PBXBuildFile; fileRef = 0901E85E2B73E855007C11A5 /* SearchBar.swift */; };
		0935486C2B5EAEDE00CC4955 /* BookLoversApp.swift in Sources */ = {isa = PBXBuildFile; fileRef = 0935486B2B5EAEDE00CC4955 /* BookLoversApp.swift */; };
		093548702B5EAEE100CC4955 /* Assets.xcassets in Resources */ = {isa = PBXBuildFile; fileRef = 0935486F2B5EAEE100CC4955 /* Assets.xcassets */; };
		093548732B5EAEE100CC4955 /* Preview Assets.xcassets in Resources */ = {isa = PBXBuildFile; fileRef = 093548722B5EAEE100CC4955 /* Preview Assets.xcassets */; };
		09441E012B7132A9004A09D0 /* MenuContainer.swift in Sources */ = {isa = PBXBuildFile; fileRef = 09441E002B7132A9004A09D0 /* MenuContainer.swift */; };
		09441E032B7135AE004A09D0 /* MostPopularItem.swift in Sources */ = {isa = PBXBuildFile; fileRef = 09441E022B7135AE004A09D0 /* MostPopularItem.swift */; };
		09441E052B713A49004A09D0 /* NewParagraphView.swift in Sources */ = {isa = PBXBuildFile; fileRef = 09441E042B713A49004A09D0 /* NewParagraphView.swift */; };
		09441E072B71433B004A09D0 /* SignInView.swift in Sources */ = {isa = PBXBuildFile; fileRef = 09441E062B71433B004A09D0 /* SignInView.swift */; };
		09441E092B714698004A09D0 /* FavoritesView.swift in Sources */ = {isa = PBXBuildFile; fileRef = 09441E082B714698004A09D0 /* FavoritesView.swift */; };
		094A651D2B70EEE800E6FF4E /* MainTabbarView.swift in Sources */ = {isa = PBXBuildFile; fileRef = 094A651C2B70EEE800E6FF4E /* MainTabbarView.swift */; };
		094A651F2B70F50900E6FF4E /* ExploreView.swift in Sources */ = {isa = PBXBuildFile; fileRef = 094A651E2B70F50900E6FF4E /* ExploreView.swift */; };
		094A65212B71059200E6FF4E /* ExploreHeader.swift in Sources */ = {isa = PBXBuildFile; fileRef = 094A65202B71059200E6FF4E /* ExploreHeader.swift */; };
		094A65272B71073D00E6FF4E /* View+Extension.swift in Sources */ = {isa = PBXBuildFile; fileRef = 094A65262B71073D00E6FF4E /* View+Extension.swift */; };
		094A652A2B7109F800E6FF4E /* MenuOption.swift in Sources */ = {isa = PBXBuildFile; fileRef = 094A65292B7109F800E6FF4E /* MenuOption.swift */; };
		094A652C2B710A0C00E6FF4E /* SideMenuView.swift in Sources */ = {isa = PBXBuildFile; fileRef = 094A652B2B710A0C00E6FF4E /* SideMenuView.swift */; };
		094A652E2B710A5B00E6FF4E /* SideMenuHeader.swift in Sources */ = {isa = PBXBuildFile; fileRef = 094A652D2B710A5B00E6FF4E /* SideMenuHeader.swift */; };
		094A65302B710AAB00E6FF4E /* SideMenuItem.swift in Sources */ = {isa = PBXBuildFile; fileRef = 094A652F2B710AAB00E6FF4E /* SideMenuItem.swift */; };
		094E137C2B74C7E90052E0D8 /* SignInType.swift in Sources */ = {isa = PBXBuildFile; fileRef = 094E137B2B74C7E90052E0D8 /* SignInType.swift */; };
		094E137E2B74CB9F0052E0D8 /* RegistrationView.swift in Sources */ = {isa = PBXBuildFile; fileRef = 094E137D2B74CB9F0052E0D8 /* RegistrationView.swift */; };
		0950D8E42B723796005D755A /* CustomCornersShape.swift in Sources */ = {isa = PBXBuildFile; fileRef = 0950D8E32B723796005D755A /* CustomCornersShape.swift */; };
		0950D8E62B725564005D755A /* TabItem.swift in Sources */ = {isa = PBXBuildFile; fileRef = 0950D8E52B725564005D755A /* TabItem.swift */; };
		0950D8EC2B7273A9005D755A /* BookPageView.swift in Sources */ = {isa = PBXBuildFile; fileRef = 0950D8EB2B7273A9005D755A /* BookPageView.swift */; };
		09736E012B7409BC00B50164 /* SearchView.swift in Sources */ = {isa = PBXBuildFile; fileRef = 09736E002B7409BC00B50164 /* SearchView.swift */; };
		09736E032B74109600B50164 /* SortType.swift in Sources */ = {isa = PBXBuildFile; fileRef = 09736E022B74109600B50164 /* SortType.swift */; };
		09736E052B7413E900B50164 /* XButton.swift in Sources */ = {isa = PBXBuildFile; fileRef = 09736E042B7413E900B50164 /* XButton.swift */; };
		09736E072B74149700B50164 /* ImageButton.swift in Sources */ = {isa = PBXBuildFile; fileRef = 09736E062B74149700B50164 /* ImageButton.swift */; };
		09B358E12B71770300D1DA77 /* LiteraryGenre.swift in Sources */ = {isa = PBXBuildFile; fileRef = 09B358E02B71770300D1DA77 /* LiteraryGenre.swift */; };
		09B358E32B7177D400D1DA77 /* TagItem.swift in Sources */ = {isa = PBXBuildFile; fileRef = 09B358E22B7177D400D1DA77 /* TagItem.swift */; };
		09B358E52B717D2300D1DA77 /* TagCaruselView.swift in Sources */ = {isa = PBXBuildFile; fileRef = 09B358E42B717D2300D1DA77 /* TagCaruselView.swift */; };
		09F757622B763C16004C849B /* CreateCommunityView.swift in Sources */ = {isa = PBXBuildFile; fileRef = 09F757612B763C16004C849B /* CreateCommunityView.swift */; };
		09F757662B763F55004C849B /* WelcomeView.swift in Sources */ = {isa = PBXBuildFile; fileRef = 09F757652B763F55004C849B /* WelcomeView.swift */; };
/* End PBXBuildFile section */

/* Begin PBXFileReference section */
		0901E8502B7385AF007C11A5 /* TrendingBooksGridView.swift */ = {isa = PBXFileReference; lastKnownFileType = sourcecode.swift; path = TrendingBooksGridView.swift; sourceTree = "<group>"; };
		0901E8522B73A8CD007C11A5 /* CommunityView.swift */ = {isa = PBXFileReference; lastKnownFileType = sourcecode.swift; path = CommunityView.swift; sourceTree = "<group>"; };
		0901E8592B73C3C7007C11A5 /* LoginView.swift */ = {isa = PBXFileReference; lastKnownFileType = sourcecode.swift; path = LoginView.swift; sourceTree = "<group>"; };
		0901E85B2B73C9C1007C11A5 /* InteractedSecureField.swift */ = {isa = PBXFileReference; lastKnownFileType = sourcecode.swift; path = InteractedSecureField.swift; sourceTree = "<group>"; };
		0901E85E2B73E855007C11A5 /* SearchBar.swift */ = {isa = PBXFileReference; lastKnownFileType = sourcecode.swift; path = SearchBar.swift; sourceTree = "<group>"; };
		093548682B5EAEDE00CC4955 /* BookLovers.app */ = {isa = PBXFileReference; explicitFileType = wrapper.application; includeInIndex = 0; path = BookLovers.app; sourceTree = BUILT_PRODUCTS_DIR; };
		0935486B2B5EAEDE00CC4955 /* BookLoversApp.swift */ = {isa = PBXFileReference; lastKnownFileType = sourcecode.swift; path = BookLoversApp.swift; sourceTree = "<group>"; };
		0935486F2B5EAEE100CC4955 /* Assets.xcassets */ = {isa = PBXFileReference; lastKnownFileType = folder.assetcatalog; path = Assets.xcassets; sourceTree = "<group>"; };
		093548722B5EAEE100CC4955 /* Preview Assets.xcassets */ = {isa = PBXFileReference; lastKnownFileType = folder.assetcatalog; path = "Preview Assets.xcassets"; sourceTree = "<group>"; };
		09441E002B7132A9004A09D0 /* MenuContainer.swift */ = {isa = PBXFileReference; lastKnownFileType = sourcecode.swift; path = MenuContainer.swift; sourceTree = "<group>"; };
		09441E022B7135AE004A09D0 /* MostPopularItem.swift */ = {isa = PBXFileReference; lastKnownFileType = sourcecode.swift; path = MostPopularItem.swift; sourceTree = "<group>"; };
		09441E042B713A49004A09D0 /* NewParagraphView.swift */ = {isa = PBXFileReference; lastKnownFileType = sourcecode.swift; path = NewParagraphView.swift; sourceTree = "<group>"; };
		09441E062B71433B004A09D0 /* SignInView.swift */ = {isa = PBXFileReference; lastKnownFileType = sourcecode.swift; path = SignInView.swift; sourceTree = "<group>"; };
		09441E082B714698004A09D0 /* FavoritesView.swift */ = {isa = PBXFileReference; lastKnownFileType = sourcecode.swift; path = FavoritesView.swift; sourceTree = "<group>"; };
		094A651C2B70EEE800E6FF4E /* MainTabbarView.swift */ = {isa = PBXFileReference; lastKnownFileType = sourcecode.swift; path = MainTabbarView.swift; sourceTree = "<group>"; };
		094A651E2B70F50900E6FF4E /* ExploreView.swift */ = {isa = PBXFileReference; lastKnownFileType = sourcecode.swift; path = ExploreView.swift; sourceTree = "<group>"; };
		094A65202B71059200E6FF4E /* ExploreHeader.swift */ = {isa = PBXFileReference; lastKnownFileType = sourcecode.swift; path = ExploreHeader.swift; sourceTree = "<group>"; };
		094A65262B71073D00E6FF4E /* View+Extension.swift */ = {isa = PBXFileReference; lastKnownFileType = sourcecode.swift; path = "View+Extension.swift"; sourceTree = "<group>"; };
		094A65292B7109F800E6FF4E /* MenuOption.swift */ = {isa = PBXFileReference; lastKnownFileType = sourcecode.swift; path = MenuOption.swift; sourceTree = "<group>"; };
		094A652B2B710A0C00E6FF4E /* SideMenuView.swift */ = {isa = PBXFileReference; lastKnownFileType = sourcecode.swift; path = SideMenuView.swift; sourceTree = "<group>"; };
		094A652D2B710A5B00E6FF4E /* SideMenuHeader.swift */ = {isa = PBXFileReference; lastKnownFileType = sourcecode.swift; path = SideMenuHeader.swift; sourceTree = "<group>"; };
		094A652F2B710AAB00E6FF4E /* SideMenuItem.swift */ = {isa = PBXFileReference; lastKnownFileType = sourcecode.swift; path = SideMenuItem.swift; sourceTree = "<group>"; };
		094E137B2B74C7E90052E0D8 /* SignInType.swift */ = {isa = PBXFileReference; lastKnownFileType = sourcecode.swift; path = SignInType.swift; sourceTree = "<group>"; };
		094E137D2B74CB9F0052E0D8 /* RegistrationView.swift */ = {isa = PBXFileReference; lastKnownFileType = sourcecode.swift; path = RegistrationView.swift; sourceTree = "<group>"; };
		0950D8E32B723796005D755A /* CustomCornersShape.swift */ = {isa = PBXFileReference; lastKnownFileType = sourcecode.swift; path = CustomCornersShape.swift; sourceTree = "<group>"; };
		0950D8E52B725564005D755A /* TabItem.swift */ = {isa = PBXFileReference; lastKnownFileType = sourcecode.swift; path = TabItem.swift; sourceTree = "<group>"; };
		0950D8EB2B7273A9005D755A /* BookPageView.swift */ = {isa = PBXFileReference; lastKnownFileType = sourcecode.swift; path = BookPageView.swift; sourceTree = "<group>"; };
		09736E002B7409BC00B50164 /* SearchView.swift */ = {isa = PBXFileReference; lastKnownFileType = sourcecode.swift; path = SearchView.swift; sourceTree = "<group>"; };
		09736E022B74109600B50164 /* SortType.swift */ = {isa = PBXFileReference; lastKnownFileType = sourcecode.swift; path = SortType.swift; sourceTree = "<group>"; };
		09736E042B7413E900B50164 /* XButton.swift */ = {isa = PBXFileReference; lastKnownFileType = sourcecode.swift; path = XButton.swift; sourceTree = "<group>"; };
		09736E062B74149700B50164 /* ImageButton.swift */ = {isa = PBXFileReference; lastKnownFileType = sourcecode.swift; path = ImageButton.swift; sourceTree = "<group>"; };
		09B358E02B71770300D1DA77 /* LiteraryGenre.swift */ = {isa = PBXFileReference; lastKnownFileType = sourcecode.swift; path = LiteraryGenre.swift; sourceTree = "<group>"; };
		09B358E22B7177D400D1DA77 /* TagItem.swift */ = {isa = PBXFileReference; lastKnownFileType = sourcecode.swift; path = TagItem.swift; sourceTree = "<group>"; };
		09B358E42B717D2300D1DA77 /* TagCaruselView.swift */ = {isa = PBXFileReference; lastKnownFileType = sourcecode.swift; path = TagCaruselView.swift; sourceTree = "<group>"; };
		09BED3032B625F7C00FDEB9C /* Info.plist */ = {isa = PBXFileReference; lastKnownFileType = text.plist.xml; path = Info.plist; sourceTree = "<group>"; };
		09F757612B763C16004C849B /* CreateCommunityView.swift */ = {isa = PBXFileReference; lastKnownFileType = sourcecode.swift; path = CreateCommunityView.swift; sourceTree = "<group>"; };
		09F757652B763F55004C849B /* WelcomeView.swift */ = {isa = PBXFileReference; lastKnownFileType = sourcecode.swift; path = WelcomeView.swift; sourceTree = "<group>"; };
/* End PBXFileReference section */

/* Begin PBXFrameworksBuildPhase section */
		093548652B5EAEDE00CC4955 /* Frameworks */ = {
			isa = PBXFrameworksBuildPhase;
			buildActionMask = 2147483647;
			files = (
			);
			runOnlyForDeploymentPostprocessing = 0;
		};
/* End PBXFrameworksBuildPhase section */

/* Begin PBXGroup section */
		0901E8582B73C3B6007C11A5 /* Auth */ = {
			isa = PBXGroup;
			children = (
				0901E8592B73C3C7007C11A5 /* LoginView.swift */,
				094E137D2B74CB9F0052E0D8 /* RegistrationView.swift */,
			);
			path = Auth;
			sourceTree = "<group>";
		};
		0901E85D2B73E843007C11A5 /* Search */ = {
			isa = PBXGroup;
			children = (
				0901E85E2B73E855007C11A5 /* SearchBar.swift */,
				09736E002B7409BC00B50164 /* SearchView.swift */,
			);
			path = Search;
			sourceTree = "<group>";
		};
		0935485F2B5EAEDE00CC4955 = {
			isa = PBXGroup;
			children = (
				0935486A2B5EAEDE00CC4955 /* BookLovers */,
				093548692B5EAEDE00CC4955 /* Products */,
			);
			sourceTree = "<group>";
		};
		093548692B5EAEDE00CC4955 /* Products */ = {
			isa = PBXGroup;
			children = (
				093548682B5EAEDE00CC4955 /* BookLovers.app */,
			);
			name = Products;
			sourceTree = "<group>";
		};
		0935486A2B5EAEDE00CC4955 /* BookLovers */ = {
			isa = PBXGroup;
			children = (
				093548792B5EAF0300CC4955 /* Applicaiton */,
				09441DFF2B71326A004A09D0 /* Components */,
				0935487B2B5EAF1A00CC4955 /* Core */,
				094A65252B71072600E6FF4E /* Extensions */,
				09B358DF2B7176E400D1DA77 /* Model */,
				0935487A2B5EAF0B00CC4955 /* Resources */,
			);
			path = BookLovers;
			sourceTree = "<group>";
		};
		093548712B5EAEE100CC4955 /* Preview Content */ = {
			isa = PBXGroup;
			children = (
				093548722B5EAEE100CC4955 /* Preview Assets.xcassets */,
			);
			path = "Preview Content";
			sourceTree = "<group>";
		};
		093548792B5EAF0300CC4955 /* Applicaiton */ = {
			isa = PBXGroup;
			children = (
				0935486B2B5EAEDE00CC4955 /* BookLoversApp.swift */,
			);
			path = Applicaiton;
			sourceTree = "<group>";
		};
		0935487A2B5EAF0B00CC4955 /* Resources */ = {
			isa = PBXGroup;
			children = (
				09BED3032B625F7C00FDEB9C /* Info.plist */,
				0935486F2B5EAEE100CC4955 /* Assets.xcassets */,
				093548712B5EAEE100CC4955 /* Preview Content */,
			);
			path = Resources;
			sourceTree = "<group>";
		};
		0935487B2B5EAF1A00CC4955 /* Core */ = {
			isa = PBXGroup;
			children = (
				0901E85D2B73E843007C11A5 /* Search */,
				0901E8582B73C3B6007C11A5 /* Auth */,
				094A65282B7109E500E6FF4E /* SideMenu */,
				094A651B2B70EE8800E6FF4E /* Community */,
				094A65192B70EE7700E6FF4E /* Explore */,
				094A651A2B70EE8000E6FF4E /* Favorites */,
				094A65182B70EE7100E6FF4E /* Tabbar */,
			);
			path = Core;
			sourceTree = "<group>";
		};
		09441DFF2B71326A004A09D0 /* Components */ = {
			isa = PBXGroup;
			children = (
				09736E0A2B74167100B50164 /* Screens */,
				09736E092B74164D00B50164 /* Containers */,
				09736E082B74163200B50164 /* Items */,
			);
			path = Components;
			sourceTree = "<group>";
		};
		094A65182B70EE7100E6FF4E /* Tabbar */ = {
			isa = PBXGroup;
			children = (
				094A651C2B70EEE800E6FF4E /* MainTabbarView.swift */,
				0950D8E52B725564005D755A /* TabItem.swift */,
			);
			path = Tabbar;
			sourceTree = "<group>";
		};
		094A65192B70EE7700E6FF4E /* Explore */ = {
			isa = PBXGroup;
			children = (
				094A65222B7105D300E6FF4E /* View */,
			);
			path = Explore;
			sourceTree = "<group>";
		};
		094A651A2B70EE8000E6FF4E /* Favorites */ = {
			isa = PBXGroup;
			children = (
				09441E082B714698004A09D0 /* FavoritesView.swift */,
			);
			path = Favorites;
			sourceTree = "<group>";
		};
		094A651B2B70EE8800E6FF4E /* Community */ = {
			isa = PBXGroup;
			children = (
				0901E8522B73A8CD007C11A5 /* CommunityView.swift */,
				09F757612B763C16004C849B /* CreateCommunityView.swift */,
			);
			path = Community;
			sourceTree = "<group>";
		};
		094A65222B7105D300E6FF4E /* View */ = {
			isa = PBXGroup;
			children = (
				094A651E2B70F50900E6FF4E /* ExploreView.swift */,
				094A65202B71059200E6FF4E /* ExploreHeader.swift */,
				09441E022B7135AE004A09D0 /* MostPopularItem.swift */,
				0950D8EB2B7273A9005D755A /* BookPageView.swift */,
				0901E8502B7385AF007C11A5 /* TrendingBooksGridView.swift */,
			);
			path = View;
			sourceTree = "<group>";
		};
		094A65252B71072600E6FF4E /* Extensions */ = {
			isa = PBXGroup;
			children = (
				094A65262B71073D00E6FF4E /* View+Extension.swift */,
			);
			path = Extensions;
			sourceTree = "<group>";
		};
		094A65282B7109E500E6FF4E /* SideMenu */ = {
			isa = PBXGroup;
			children = (
				094A65322B7112DE00E6FF4E /* View */,
				094A65312B7112D100E6FF4E /* Model */,
			);
			path = SideMenu;
			sourceTree = "<group>";
		};
		094A65312B7112D100E6FF4E /* Model */ = {
			isa = PBXGroup;
			children = (
				094A65292B7109F800E6FF4E /* MenuOption.swift */,
			);
			path = Model;
			sourceTree = "<group>";
		};
		094A65322B7112DE00E6FF4E /* View */ = {
			isa = PBXGroup;
			children = (
				094A652B2B710A0C00E6FF4E /* SideMenuView.swift */,
				094A652D2B710A5B00E6FF4E /* SideMenuHeader.swift */,
				094A652F2B710AAB00E6FF4E /* SideMenuItem.swift */,
			);
			path = View;
			sourceTree = "<group>";
		};
		09736E082B74163200B50164 /* Items */ = {
			isa = PBXGroup;
			children = (
				09B358E22B7177D400D1DA77 /* TagItem.swift */,
				09B358E42B717D2300D1DA77 /* TagCaruselView.swift */,
				0950D8E32B723796005D755A /* CustomCornersShape.swift */,
				0901E85B2B73C9C1007C11A5 /* InteractedSecureField.swift */,
				09736E042B7413E900B50164 /* XButton.swift */,
				09736E062B74149700B50164 /* ImageButton.swift */,
			);
			path = Items;
			sourceTree = "<group>";
		};
		09736E092B74164D00B50164 /* Containers */ = {
			isa = PBXGroup;
			children = (
				09441E042B713A49004A09D0 /* NewParagraphView.swift */,
				09441E002B7132A9004A09D0 /* MenuContainer.swift */,
			);
			path = Containers;
			sourceTree = "<group>";
		};
		09736E0A2B74167100B50164 /* Screens */ = {
			isa = PBXGroup;
			children = (
				09441E062B71433B004A09D0 /* SignInView.swift */,
				09F757652B763F55004C849B /* WelcomeView.swift */,
			);
			path = Screens;
			sourceTree = "<group>";
		};
		09B358DF2B7176E400D1DA77 /* Model */ = {
			isa = PBXGroup;
			children = (
				09B358E02B71770300D1DA77 /* LiteraryGenre.swift */,
				09736E022B74109600B50164 /* SortType.swift */,
				094E137B2B74C7E90052E0D8 /* SignInType.swift */,
			);
			path = Model;
			sourceTree = "<group>";
		};
/* End PBXGroup section */

/* Begin PBXNativeTarget section */
		093548672B5EAEDE00CC4955 /* BookLovers */ = {
			isa = PBXNativeTarget;
			buildConfigurationList = 093548762B5EAEE100CC4955 /* Build configuration list for PBXNativeTarget "BookLovers" */;
			buildPhases = (
				093548642B5EAEDE00CC4955 /* Sources */,
				093548652B5EAEDE00CC4955 /* Frameworks */,
				093548662B5EAEDE00CC4955 /* Resources */,
			);
			buildRules = (
			);
			dependencies = (
			);
			name = BookLovers;
			productName = BookLovers;
			productReference = 093548682B5EAEDE00CC4955 /* BookLovers.app */;
			productType = "com.apple.product-type.application";
		};
/* End PBXNativeTarget section */

/* Begin PBXProject section */
		093548602B5EAEDE00CC4955 /* Project object */ = {
			isa = PBXProject;
			attributes = {
				BuildIndependentTargetsInParallel = 1;
				LastSwiftUpdateCheck = 1420;
				LastUpgradeCheck = 1420;
				TargetAttributes = {
					093548672B5EAEDE00CC4955 = {
						CreatedOnToolsVersion = 14.2;
					};
				};
			};
			buildConfigurationList = 093548632B5EAEDE00CC4955 /* Build configuration list for PBXProject "BookLovers" */;
			compatibilityVersion = "Xcode 14.0";
			developmentRegion = en;
			hasScannedForEncodings = 0;
			knownRegions = (
				en,
				Base,
			);
			mainGroup = 0935485F2B5EAEDE00CC4955;
			productRefGroup = 093548692B5EAEDE00CC4955 /* Products */;
			projectDirPath = "";
			projectRoot = "";
			targets = (
				093548672B5EAEDE00CC4955 /* BookLovers */,
			);
		};
/* End PBXProject section */

/* Begin PBXResourcesBuildPhase section */
		093548662B5EAEDE00CC4955 /* Resources */ = {
			isa = PBXResourcesBuildPhase;
			buildActionMask = 2147483647;
			files = (
				093548732B5EAEE100CC4955 /* Preview Assets.xcassets in Resources */,
				093548702B5EAEE100CC4955 /* Assets.xcassets in Resources */,
			);
			runOnlyForDeploymentPostprocessing = 0;
		};
/* End PBXResourcesBuildPhase section */

/* Begin PBXSourcesBuildPhase section */
		093548642B5EAEDE00CC4955 /* Sources */ = {
			isa = PBXSourcesBuildPhase;
			buildActionMask = 2147483647;
			files = (
				09441E012B7132A9004A09D0 /* MenuContainer.swift in Sources */,
				09441E032B7135AE004A09D0 /* MostPopularItem.swift in Sources */,
				09B358E52B717D2300D1DA77 /* TagCaruselView.swift in Sources */,
				0950D8E42B723796005D755A /* CustomCornersShape.swift in Sources */,
				0901E85A2B73C3C7007C11A5 /* LoginView.swift in Sources */,
				0950D8EC2B7273A9005D755A /* BookPageView.swift in Sources */,
				0935486C2B5EAEDE00CC4955 /* BookLoversApp.swift in Sources */,
				0901E85F2B73E855007C11A5 /* SearchBar.swift in Sources */,
				09F757622B763C16004C849B /* CreateCommunityView.swift in Sources */,
				09736E052B7413E900B50164 /* XButton.swift in Sources */,
				09736E012B7409BC00B50164 /* SearchView.swift in Sources */,
				09B358E32B7177D400D1DA77 /* TagItem.swift in Sources */,
				0901E8512B7385AF007C11A5 /* TrendingBooksGridView.swift in Sources */,
				094A652C2B710A0C00E6FF4E /* SideMenuView.swift in Sources */,
				09441E092B714698004A09D0 /* FavoritesView.swift in Sources */,
				094A65302B710AAB00E6FF4E /* SideMenuItem.swift in Sources */,
				0901E85C2B73C9C1007C11A5 /* InteractedSecureField.swift in Sources */,
				094A652E2B710A5B00E6FF4E /* SideMenuHeader.swift in Sources */,
				094E137C2B74C7E90052E0D8 /* SignInType.swift in Sources */,
				094A651F2B70F50900E6FF4E /* ExploreView.swift in Sources */,
				094A652A2B7109F800E6FF4E /* MenuOption.swift in Sources */,
				0950D8E62B725564005D755A /* TabItem.swift in Sources */,
				094A65212B71059200E6FF4E /* ExploreHeader.swift in Sources */,
				0901E8532B73A8CD007C11A5 /* CommunityView.swift in Sources */,
				094A65272B71073D00E6FF4E /* View+Extension.swift in Sources */,
				09736E032B74109600B50164 /* SortType.swift in Sources */,
				094A651D2B70EEE800E6FF4E /* MainTabbarView.swift in Sources */,
				09736E072B74149700B50164 /* ImageButton.swift in Sources */,
				09F757662B763F55004C849B /* WelcomeView.swift in Sources */,
				094E137E2B74CB9F0052E0D8 /* RegistrationView.swift in Sources */,
				09B358E12B71770300D1DA77 /* LiteraryGenre.swift in Sources */,
				09441E052B713A49004A09D0 /* NewParagraphView.swift in Sources */,
				09441E072B71433B004A09D0 /* SignInView.swift in Sources */,
			);
			runOnlyForDeploymentPostprocessing = 0;
		};
/* End PBXSourcesBuildPhase section */

/* Begin XCBuildConfiguration section */
		093548742B5EAEE100CC4955 /* Debug */ = {
			isa = XCBuildConfiguration;
			buildSettings = {
				ALWAYS_SEARCH_USER_PATHS = NO;
				CLANG_ANALYZER_NONNULL = YES;
				CLANG_ANALYZER_NUMBER_OBJECT_CONVERSION = YES_AGGRESSIVE;
				CLANG_CXX_LANGUAGE_STANDARD = "gnu++20";
				CLANG_ENABLE_MODULES = YES;
				CLANG_ENABLE_OBJC_ARC = YES;
				CLANG_ENABLE_OBJC_WEAK = YES;
				CLANG_WARN_BLOCK_CAPTURE_AUTORELEASING = YES;
				CLANG_WARN_BOOL_CONVERSION = YES;
				CLANG_WARN_COMMA = YES;
				CLANG_WARN_CONSTANT_CONVERSION = YES;
				CLANG_WARN_DEPRECATED_OBJC_IMPLEMENTATIONS = YES;
				CLANG_WARN_DIRECT_OBJC_ISA_USAGE = YES_ERROR;
				CLANG_WARN_DOCUMENTATION_COMMENTS = YES;
				CLANG_WARN_EMPTY_BODY = YES;
				CLANG_WARN_ENUM_CONVERSION = YES;
				CLANG_WARN_INFINITE_RECURSION = YES;
				CLANG_WARN_INT_CONVERSION = YES;
				CLANG_WARN_NON_LITERAL_NULL_CONVERSION = YES;
				CLANG_WARN_OBJC_IMPLICIT_RETAIN_SELF = YES;
				CLANG_WARN_OBJC_LITERAL_CONVERSION = YES;
				CLANG_WARN_OBJC_ROOT_CLASS = YES_ERROR;
				CLANG_WARN_QUOTED_INCLUDE_IN_FRAMEWORK_HEADER = YES;
				CLANG_WARN_RANGE_LOOP_ANALYSIS = YES;
				CLANG_WARN_STRICT_PROTOTYPES = YES;
				CLANG_WARN_SUSPICIOUS_MOVE = YES;
				CLANG_WARN_UNGUARDED_AVAILABILITY = YES_AGGRESSIVE;
				CLANG_WARN_UNREACHABLE_CODE = YES;
				CLANG_WARN__DUPLICATE_METHOD_MATCH = YES;
				COPY_PHASE_STRIP = NO;
				DEBUG_INFORMATION_FORMAT = dwarf;
				ENABLE_STRICT_OBJC_MSGSEND = YES;
				ENABLE_TESTABILITY = YES;
				GCC_C_LANGUAGE_STANDARD = gnu11;
				GCC_DYNAMIC_NO_PIC = NO;
				GCC_NO_COMMON_BLOCKS = YES;
				GCC_OPTIMIZATION_LEVEL = 0;
				GCC_PREPROCESSOR_DEFINITIONS = (
					"DEBUG=1",
					"$(inherited)",
				);
				GCC_WARN_64_TO_32_BIT_CONVERSION = YES;
				GCC_WARN_ABOUT_RETURN_TYPE = YES_ERROR;
				GCC_WARN_UNDECLARED_SELECTOR = YES;
				GCC_WARN_UNINITIALIZED_AUTOS = YES_AGGRESSIVE;
				GCC_WARN_UNUSED_FUNCTION = YES;
				GCC_WARN_UNUSED_VARIABLE = YES;
				IPHONEOS_DEPLOYMENT_TARGET = 16.2;
				MTL_ENABLE_DEBUG_INFO = INCLUDE_SOURCE;
				MTL_FAST_MATH = YES;
				ONLY_ACTIVE_ARCH = YES;
				SDKROOT = iphoneos;
				SWIFT_ACTIVE_COMPILATION_CONDITIONS = DEBUG;
				SWIFT_OPTIMIZATION_LEVEL = "-Onone";
			};
			name = Debug;
		};
		093548752B5EAEE100CC4955 /* Release */ = {
			isa = XCBuildConfiguration;
			buildSettings = {
				ALWAYS_SEARCH_USER_PATHS = NO;
				CLANG_ANALYZER_NONNULL = YES;
				CLANG_ANALYZER_NUMBER_OBJECT_CONVERSION = YES_AGGRESSIVE;
				CLANG_CXX_LANGUAGE_STANDARD = "gnu++20";
				CLANG_ENABLE_MODULES = YES;
				CLANG_ENABLE_OBJC_ARC = YES;
				CLANG_ENABLE_OBJC_WEAK = YES;
				CLANG_WARN_BLOCK_CAPTURE_AUTORELEASING = YES;
				CLANG_WARN_BOOL_CONVERSION = YES;
				CLANG_WARN_COMMA = YES;
				CLANG_WARN_CONSTANT_CONVERSION = YES;
				CLANG_WARN_DEPRECATED_OBJC_IMPLEMENTATIONS = YES;
				CLANG_WARN_DIRECT_OBJC_ISA_USAGE = YES_ERROR;
				CLANG_WARN_DOCUMENTATION_COMMENTS = YES;
				CLANG_WARN_EMPTY_BODY = YES;
				CLANG_WARN_ENUM_CONVERSION = YES;
				CLANG_WARN_INFINITE_RECURSION = YES;
				CLANG_WARN_INT_CONVERSION = YES;
				CLANG_WARN_NON_LITERAL_NULL_CONVERSION = YES;
				CLANG_WARN_OBJC_IMPLICIT_RETAIN_SELF = YES;
				CLANG_WARN_OBJC_LITERAL_CONVERSION = YES;
				CLANG_WARN_OBJC_ROOT_CLASS = YES_ERROR;
				CLANG_WARN_QUOTED_INCLUDE_IN_FRAMEWORK_HEADER = YES;
				CLANG_WARN_RANGE_LOOP_ANALYSIS = YES;
				CLANG_WARN_STRICT_PROTOTYPES = YES;
				CLANG_WARN_SUSPICIOUS_MOVE = YES;
				CLANG_WARN_UNGUARDED_AVAILABILITY = YES_AGGRESSIVE;
				CLANG_WARN_UNREACHABLE_CODE = YES;
				CLANG_WARN__DUPLICATE_METHOD_MATCH = YES;
				COPY_PHASE_STRIP = NO;
				DEBUG_INFORMATION_FORMAT = "dwarf-with-dsym";
				ENABLE_NS_ASSERTIONS = NO;
				ENABLE_STRICT_OBJC_MSGSEND = YES;
				GCC_C_LANGUAGE_STANDARD = gnu11;
				GCC_NO_COMMON_BLOCKS = YES;
				GCC_WARN_64_TO_32_BIT_CONVERSION = YES;
				GCC_WARN_ABOUT_RETURN_TYPE = YES_ERROR;
				GCC_WARN_UNDECLARED_SELECTOR = YES;
				GCC_WARN_UNINITIALIZED_AUTOS = YES_AGGRESSIVE;
				GCC_WARN_UNUSED_FUNCTION = YES;
				GCC_WARN_UNUSED_VARIABLE = YES;
				IPHONEOS_DEPLOYMENT_TARGET = 16.2;
				MTL_ENABLE_DEBUG_INFO = NO;
				MTL_FAST_MATH = YES;
				SDKROOT = iphoneos;
				SWIFT_COMPILATION_MODE = wholemodule;
				SWIFT_OPTIMIZATION_LEVEL = "-O";
				VALIDATE_PRODUCT = YES;
			};
			name = Release;
		};
		093548772B5EAEE100CC4955 /* Debug */ = {
			isa = XCBuildConfiguration;
			buildSettings = {
				ASSETCATALOG_COMPILER_APPICON_NAME = AppIcon;
				ASSETCATALOG_COMPILER_GLOBAL_ACCENT_COLOR_NAME = AccentColor;
				CODE_SIGN_STYLE = Automatic;
				CURRENT_PROJECT_VERSION = 1;
				DEVELOPMENT_ASSET_PATHS = "\"BookLovers/Resources/Preview Content\"";
				DEVELOPMENT_TEAM = 2B85PH5M9P;
				ENABLE_PREVIEWS = YES;
				GENERATE_INFOPLIST_FILE = YES;
				INFOPLIST_FILE = BookLovers/Resources/Info.plist;
				INFOPLIST_KEY_UIApplicationSupportsIndirectInputEvents = YES;
				INFOPLIST_KEY_UILaunchScreen_Generation = YES;
				INFOPLIST_KEY_UISupportedInterfaceOrientations_iPad = "UIInterfaceOrientationPortrait UIInterfaceOrientationPortraitUpsideDown UIInterfaceOrientationLandscapeLeft UIInterfaceOrientationLandscapeRight";
				INFOPLIST_KEY_UISupportedInterfaceOrientations_iPhone = "UIInterfaceOrientationPortrait UIInterfaceOrientationLandscapeLeft UIInterfaceOrientationLandscapeRight";
				LD_RUNPATH_SEARCH_PATHS = (
					"$(inherited)",
					"@executable_path/Frameworks",
				);
				MARKETING_VERSION = 1.0;
				PRODUCT_BUNDLE_IDENTIFIER = YanRybkin.BookLovers;
				PRODUCT_NAME = "$(TARGET_NAME)";
				SWIFT_EMIT_LOC_STRINGS = YES;
				SWIFT_VERSION = 5.0;
				TARGETED_DEVICE_FAMILY = "1,2";
			};
			name = Debug;
		};
		093548782B5EAEE100CC4955 /* Release */ = {
			isa = XCBuildConfiguration;
			buildSettings = {
				ASSETCATALOG_COMPILER_APPICON_NAME = AppIcon;
				ASSETCATALOG_COMPILER_GLOBAL_ACCENT_COLOR_NAME = AccentColor;
				CODE_SIGN_STYLE = Automatic;
				CURRENT_PROJECT_VERSION = 1;
				DEVELOPMENT_ASSET_PATHS = "\"BookLovers/Resources/Preview Content\"";
				DEVELOPMENT_TEAM = 2B85PH5M9P;
				ENABLE_PREVIEWS = YES;
				GENERATE_INFOPLIST_FILE = YES;
				INFOPLIST_FILE = BookLovers/Resources/Info.plist;
				INFOPLIST_KEY_UIApplicationSupportsIndirectInputEvents = YES;
				INFOPLIST_KEY_UILaunchScreen_Generation = YES;
				INFOPLIST_KEY_UISupportedInterfaceOrientations_iPad = "UIInterfaceOrientationPortrait UIInterfaceOrientationPortraitUpsideDown UIInterfaceOrientationLandscapeLeft UIInterfaceOrientationLandscapeRight";
				INFOPLIST_KEY_UISupportedInterfaceOrientations_iPhone = "UIInterfaceOrientationPortrait UIInterfaceOrientationLandscapeLeft UIInterfaceOrientationLandscapeRight";
				LD_RUNPATH_SEARCH_PATHS = (
					"$(inherited)",
					"@executable_path/Frameworks",
				);
				MARKETING_VERSION = 1.0;
				PRODUCT_BUNDLE_IDENTIFIER = YanRybkin.BookLovers;
				PRODUCT_NAME = "$(TARGET_NAME)";
				SWIFT_EMIT_LOC_STRINGS = YES;
				SWIFT_VERSION = 5.0;
				TARGETED_DEVICE_FAMILY = "1,2";
			};
			name = Release;
		};
/* End XCBuildConfiguration section */

/* Begin XCConfigurationList section */
		093548632B5EAEDE00CC4955 /* Build configuration list for PBXProject "BookLovers" */ = {
			isa = XCConfigurationList;
			buildConfigurations = (
				093548742B5EAEE100CC4955 /* Debug */,
				093548752B5EAEE100CC4955 /* Release */,
			);
			defaultConfigurationIsVisible = 0;
			defaultConfigurationName = Release;
		};
		093548762B5EAEE100CC4955 /* Build configuration list for PBXNativeTarget "BookLovers" */ = {
			isa = XCConfigurationList;
			buildConfigurations = (
				093548772B5EAEE100CC4955 /* Debug */,
				093548782B5EAEE100CC4955 /* Release */,
			);
			defaultConfigurationIsVisible = 0;
			defaultConfigurationName = Release;
		};
/* End XCConfigurationList section */
	};
	rootObject = 093548602B5EAEDE00CC4955 /* Project object */;
}
