// !$*UTF8*$!
{
	archiveVersion = 1;
	classes = {
	};
	objectVersion = 56;
	objects = {

/* Begin PBXBuildFile section */
		090180E12B90B24000820CAB /* AlertKit in Frameworks */ = {isa = PBXBuildFile; productRef = 090180E02B90B24000820CAB /* AlertKit */; };
		0901E8532B73A8CD007C11A5 /* CommunityView.swift in Sources */ = {isa = PBXBuildFile; fileRef = 0901E8522B73A8CD007C11A5 /* CommunityView.swift */; };
		0901E85A2B73C3C7007C11A5 /* LoginView.swift in Sources */ = {isa = PBXBuildFile; fileRef = 0901E8592B73C3C7007C11A5 /* LoginView.swift */; };
		0901E85F2B73E855007C11A5 /* SearchBar.swift in Sources */ = {isa = PBXBuildFile; fileRef = 0901E85E2B73E855007C11A5 /* SearchBar.swift */; };
		0905C52A2B84FAB7002342E9 /* PhotosPickerView.swift in Sources */ = {isa = PBXBuildFile; fileRef = 0905C5292B84FAB7002342E9 /* PhotosPickerView.swift */; };
		0905C52E2B852AF9002342E9 /* Components in Frameworks */ = {isa = PBXBuildFile; productRef = 0905C52D2B852AF9002342E9 /* Components */; };
		090F78162B8F621D00625729 /* SearchViewModel.swift in Sources */ = {isa = PBXBuildFile; fileRef = 090F78152B8F621D00625729 /* SearchViewModel.swift */; };
		090F78182B8F789500625729 /* AboutUsView.swift in Sources */ = {isa = PBXBuildFile; fileRef = 090F78172B8F789500625729 /* AboutUsView.swift */; };
		091CC09A2BA5A2F900A077A4 /* FirebaseAuth in Frameworks */ = {isa = PBXBuildFile; productRef = 091CC0992BA5A2F900A077A4 /* FirebaseAuth */; };
		091CC09C2BA5A2F900A077A4 /* FirebaseStorage in Frameworks */ = {isa = PBXBuildFile; productRef = 091CC09B2BA5A2F900A077A4 /* FirebaseStorage */; };
		091CC09E2BA5A35D00A077A4 /* UserWorker.swift in Sources */ = {isa = PBXBuildFile; fileRef = 091CC09D2BA5A35D00A077A4 /* UserWorker.swift */; };
		0921FA752B8783F700EE083C /* MenuOption.swift in Sources */ = {isa = PBXBuildFile; fileRef = 094A65292B7109F800E6FF4E /* MenuOption.swift */; };
		0921FA762B8784C800EE083C /* SideMenuView.swift in Sources */ = {isa = PBXBuildFile; fileRef = 094A652B2B710A0C00E6FF4E /* SideMenuView.swift */; };
		0921FA772B87863A00EE083C /* SideMenuHeader.swift in Sources */ = {isa = PBXBuildFile; fileRef = 094A652D2B710A5B00E6FF4E /* SideMenuHeader.swift */; };
		0921FA782B87865300EE083C /* SideMenuItem.swift in Sources */ = {isa = PBXBuildFile; fileRef = 094A652F2B710AAB00E6FF4E /* SideMenuItem.swift */; };
		0921FA7A2B87867C00EE083C /* Components in Frameworks */ = {isa = PBXBuildFile; productRef = 0921FA792B87867C00EE083C /* Components */; };
		0921FA7B2B8788C100EE083C /* View+Extension.swift in Sources */ = {isa = PBXBuildFile; fileRef = 094A65262B71073D00E6FF4E /* View+Extension.swift */; };
		0935486C2B5EAEDE00CC4955 /* BookLoversApp.swift in Sources */ = {isa = PBXBuildFile; fileRef = 0935486B2B5EAEDE00CC4955 /* BookLoversApp.swift */; };
		093548702B5EAEE100CC4955 /* Assets.xcassets in Resources */ = {isa = PBXBuildFile; fileRef = 0935486F2B5EAEE100CC4955 /* Assets.xcassets */; };
		093548732B5EAEE100CC4955 /* Preview Assets.xcassets in Resources */ = {isa = PBXBuildFile; fileRef = 093548722B5EAEE100CC4955 /* Preview Assets.xcassets */; };
		093C1EC52B8CF0C20085C22F /* AuthViewModel.swift in Sources */ = {isa = PBXBuildFile; fileRef = 093C1EC42B8CF0C20085C22F /* AuthViewModel.swift */; };
		09441E032B7135AE004A09D0 /* MostPopularItem.swift in Sources */ = {isa = PBXBuildFile; fileRef = 09441E022B7135AE004A09D0 /* MostPopularItem.swift */; };
		09441E072B71433B004A09D0 /* SignInView.swift in Sources */ = {isa = PBXBuildFile; fileRef = 09441E062B71433B004A09D0 /* SignInView.swift */; };
		09441E092B714698004A09D0 /* FavoritesView.swift in Sources */ = {isa = PBXBuildFile; fileRef = 09441E082B714698004A09D0 /* FavoritesView.swift */; };
		0945AF3D2B89FF4E00A4623A /* WelcomeSheet in Frameworks */ = {isa = PBXBuildFile; productRef = 0945AF3C2B89FF4E00A4623A /* WelcomeSheet */; };
		0945AF3F2B8A082C00A4623A /* WelcomePages.swift in Sources */ = {isa = PBXBuildFile; fileRef = 0945AF3E2B8A082C00A4623A /* WelcomePages.swift */; };
		094A651D2B70EEE800E6FF4E /* MainTabbarView.swift in Sources */ = {isa = PBXBuildFile; fileRef = 094A651C2B70EEE800E6FF4E /* MainTabbarView.swift */; };
		094A651F2B70F50900E6FF4E /* ExploreView.swift in Sources */ = {isa = PBXBuildFile; fileRef = 094A651E2B70F50900E6FF4E /* ExploreView.swift */; };
		094A65212B71059200E6FF4E /* ExploreHeader.swift in Sources */ = {isa = PBXBuildFile; fileRef = 094A65202B71059200E6FF4E /* ExploreHeader.swift */; };
		094A65272B71073D00E6FF4E /* View+Extension.swift in Sources */ = {isa = PBXBuildFile; fileRef = 094A65262B71073D00E6FF4E /* View+Extension.swift */; };
		094A652A2B7109F800E6FF4E /* MenuOption.swift in Sources */ = {isa = PBXBuildFile; fileRef = 094A65292B7109F800E6FF4E /* MenuOption.swift */; };
		094A652C2B710A0C00E6FF4E /* SideMenuView.swift in Sources */ = {isa = PBXBuildFile; fileRef = 094A652B2B710A0C00E6FF4E /* SideMenuView.swift */; };
		094A652E2B710A5B00E6FF4E /* SideMenuHeader.swift in Sources */ = {isa = PBXBuildFile; fileRef = 094A652D2B710A5B00E6FF4E /* SideMenuHeader.swift */; };
		094A65302B710AAB00E6FF4E /* SideMenuItem.swift in Sources */ = {isa = PBXBuildFile; fileRef = 094A652F2B710AAB00E6FF4E /* SideMenuItem.swift */; };
		094E137C2B74C7E90052E0D8 /* SignInType.swift in Sources */ = {isa = PBXBuildFile; fileRef = 094E137B2B74C7E90052E0D8 /* SignInType.swift */; };
		0950D8E62B725564005D755A /* TabItem.swift in Sources */ = {isa = PBXBuildFile; fileRef = 0950D8E52B725564005D755A /* TabItem.swift */; };
		095FEB9E2B9A35A7006EE20F /* ResetPasswordView.swift in Sources */ = {isa = PBXBuildFile; fileRef = 095FEB9D2B9A35A7006EE20F /* ResetPasswordView.swift */; };
		096D47522B9BAB9100B2D84D /* AuthWorker.swift in Sources */ = {isa = PBXBuildFile; fileRef = 096D47512B9BAB9100B2D84D /* AuthWorker.swift */; };
		09736E012B7409BC00B50164 /* SearchView.swift in Sources */ = {isa = PBXBuildFile; fileRef = 09736E002B7409BC00B50164 /* SearchView.swift */; };
		09736E032B74109600B50164 /* SortType.swift in Sources */ = {isa = PBXBuildFile; fileRef = 09736E022B74109600B50164 /* SortType.swift */; };
		09879DE22BAB5D3A005377A0 /* FavoriteBook.swift in Sources */ = {isa = PBXBuildFile; fileRef = 09879DE12BAB5D3A005377A0 /* FavoriteBook.swift */; };
		0992AFE12BA9C52B0033AAEC /* WebRepository.swift in Sources */ = {isa = PBXBuildFile; fileRef = 0992AFDF2BA9C5290033AAEC /* WebRepository.swift */; };
		0992AFE22BA9C52B0033AAEC /* APICall.swift in Sources */ = {isa = PBXBuildFile; fileRef = 0992AFE02BA9C52B0033AAEC /* APICall.swift */; };
		0992AFE52BA9C6B10033AAEC /* AppDelegate.swift in Sources */ = {isa = PBXBuildFile; fileRef = 0992AFE42BA9C6B10033AAEC /* AppDelegate.swift */; };
		0997103D2B8631F900630A16 /* Managers in Frameworks */ = {isa = PBXBuildFile; productRef = 0997103C2B8631F900630A16 /* Managers */; };
		099A2D192B96303B00557DC5 /* AuthTextField.swift in Sources */ = {isa = PBXBuildFile; fileRef = 099A2D182B96303B00557DC5 /* AuthTextField.swift */; };
		099BBF832B925EE400A7B2A4 /* Settings.swift in Sources */ = {isa = PBXBuildFile; fileRef = 099BBF822B925EE400A7B2A4 /* Settings.swift */; };
		099E9A0A2B83BBFA009CE7B0 /* ProfileEditorView.swift in Sources */ = {isa = PBXBuildFile; fileRef = 099E9A092B83BBFA009CE7B0 /* ProfileEditorView.swift */; };
		09A165662B80A64E008C0AB3 /* ProfileView.swift in Sources */ = {isa = PBXBuildFile; fileRef = 09A165652B80A64E008C0AB3 /* ProfileView.swift */; };
		09A165692B80A79A008C0AB3 /* ScalingHeaderScrollView in Frameworks */ = {isa = PBXBuildFile; productRef = 09A165682B80A79A008C0AB3 /* ScalingHeaderScrollView */; };
		09A1656F2B80BC5F008C0AB3 /* ProfileHeader.swift in Sources */ = {isa = PBXBuildFile; fileRef = 09A1656E2B80BC5F008C0AB3 /* ProfileHeader.swift */; };
		09A165712B80C9B5008C0AB3 /* ProfileContent.swift in Sources */ = {isa = PBXBuildFile; fileRef = 09A165702B80C9B5008C0AB3 /* ProfileContent.swift */; };
		09A165782B8120BE008C0AB3 /* UserStore.swift in Sources */ = {isa = PBXBuildFile; fileRef = 09A165772B8120BD008C0AB3 /* UserStore.swift */; };
		09B358E12B71770300D1DA77 /* LiteraryGenre.swift in Sources */ = {isa = PBXBuildFile; fileRef = 09B358E02B71770300D1DA77 /* LiteraryGenre.swift */; };
		09BBB1752B7E297600F946F4 /* ChatsView.swift in Sources */ = {isa = PBXBuildFile; fileRef = 09BBB1742B7E297600F946F4 /* ChatsView.swift */; };
		09BBB1782B7E333700F946F4 /* ChatItemView.swift in Sources */ = {isa = PBXBuildFile; fileRef = 09BBB1772B7E333700F946F4 /* ChatItemView.swift */; };
		09D968B32B7A358E00D373A8 /* UIWindow+Extension.swift in Sources */ = {isa = PBXBuildFile; fileRef = 09D968B22B7A358E00D373A8 /* UIWindow+Extension.swift */; };
		09DFDE602B98C3FB005821D7 /* GoogleService-Info.plist in Resources */ = {isa = PBXBuildFile; fileRef = 09DFDE5F2B98C3FB005821D7 /* GoogleService-Info.plist */; };
		09DFDE622B98CD40005821D7 /* EmailVerificationView.swift in Sources */ = {isa = PBXBuildFile; fileRef = 09DFDE612B98CD40005821D7 /* EmailVerificationView.swift */; };
		09DFDE652B98D16F005821D7 /* Lottie in Frameworks */ = {isa = PBXBuildFile; productRef = 09DFDE642B98D16F005821D7 /* Lottie */; };
		09DFDE692B98DD73005821D7 /* verification.json in Resources */ = {isa = PBXBuildFile; fileRef = 09DFDE682B98DD73005821D7 /* verification.json */; };
		09DFDE6D2B99A746005821D7 /* LoginType.swift in Sources */ = {isa = PBXBuildFile; fileRef = 09DFDE6C2B99A746005821D7 /* LoginType.swift */; };
		09DFDE742B99BF5E005821D7 /* Kingfisher in Frameworks */ = {isa = PBXBuildFile; productRef = 09DFDE732B99BF5E005821D7 /* Kingfisher */; };
		09DFDE762B99C478005821D7 /* Avatar.swift in Sources */ = {isa = PBXBuildFile; fileRef = 09DFDE752B99C478005821D7 /* Avatar.swift */; };
		09EB28372B7B86B40049F5AA /* FavoriteHeader.swift in Sources */ = {isa = PBXBuildFile; fileRef = 09EB28362B7B86B40049F5AA /* FavoriteHeader.swift */; };
		09EB283B2B7B8BFE0049F5AA /* FavoriteType.swift in Sources */ = {isa = PBXBuildFile; fileRef = 09EB283A2B7B8BFE0049F5AA /* FavoriteType.swift */; };
		09F7462E2B869CA300DEBB49 /* Assets.xcassets in Resources */ = {isa = PBXBuildFile; fileRef = 09F7462D2B869CA300DEBB49 /* Assets.xcassets */; };
		09F746312B869CA300DEBB49 /* Preview Assets.xcassets in Resources */ = {isa = PBXBuildFile; fileRef = 09F746302B869CA300DEBB49 /* Preview Assets.xcassets */; };
		09F746362B869D5C00DEBB49 /* BookLoversApp.swift in Sources */ = {isa = PBXBuildFile; fileRef = 0935486B2B5EAEDE00CC4955 /* BookLoversApp.swift */; };
		09F746372B869D7200DEBB49 /* UserStore.swift in Sources */ = {isa = PBXBuildFile; fileRef = 09A165772B8120BD008C0AB3 /* UserStore.swift */; };
		09F7463B2B869DAA00DEBB49 /* HomeView.swift in Sources */ = {isa = PBXBuildFile; fileRef = 09F7463A2B869DAA00DEBB49 /* HomeView.swift */; };
		09F7463C2B869DD100DEBB49 /* LiteraryGenre.swift in Sources */ = {isa = PBXBuildFile; fileRef = 09B358E02B71770300D1DA77 /* LiteraryGenre.swift */; };
		09F7463D2B869DD100DEBB49 /* SortType.swift in Sources */ = {isa = PBXBuildFile; fileRef = 09736E022B74109600B50164 /* SortType.swift */; };
		09F7463E2B869DD100DEBB49 /* SignInType.swift in Sources */ = {isa = PBXBuildFile; fileRef = 094E137B2B74C7E90052E0D8 /* SignInType.swift */; };
		09F757622B763C16004C849B /* CommunityListView.swift in Sources */ = {isa = PBXBuildFile; fileRef = 09F757612B763C16004C849B /* CommunityListView.swift */; };
		09F8A6712B8919E2002C3AC7 /* User.swift in Sources */ = {isa = PBXBuildFile; fileRef = 09F8A6702B8919E2002C3AC7 /* User.swift */; };
		09F8A6722B8919E2002C3AC7 /* User.swift in Sources */ = {isa = PBXBuildFile; fileRef = 09F8A6702B8919E2002C3AC7 /* User.swift */; };
		09F9AAAB2B7D1B8800C0FC8D /* FavoriteItem.swift in Sources */ = {isa = PBXBuildFile; fileRef = 09F9AAAA2B7D1B8800C0FC8D /* FavoriteItem.swift */; };
		09F9AAAE2B7D411900C0FC8D /* LaunchView.swift in Sources */ = {isa = PBXBuildFile; fileRef = 09F9AAAD2B7D411900C0FC8D /* LaunchView.swift */; };
/* End PBXBuildFile section */

/* Begin PBXCopyFilesBuildPhase section */
		09A1656C2B80ABCA008C0AB3 /* CopyFiles */ = {
			isa = PBXCopyFilesBuildPhase;
			buildActionMask = 2147483647;
			dstPath = "";
			dstSubfolderSpec = 7;
			files = (
			);
			runOnlyForDeploymentPostprocessing = 0;
		};
/* End PBXCopyFilesBuildPhase section */

/* Begin PBXFileReference section */
		0901E8522B73A8CD007C11A5 /* CommunityView.swift */ = {isa = PBXFileReference; lastKnownFileType = sourcecode.swift; path = CommunityView.swift; sourceTree = "<group>"; };
		0901E8592B73C3C7007C11A5 /* LoginView.swift */ = {isa = PBXFileReference; lastKnownFileType = sourcecode.swift; path = LoginView.swift; sourceTree = "<group>"; };
		0901E85E2B73E855007C11A5 /* SearchBar.swift */ = {isa = PBXFileReference; lastKnownFileType = sourcecode.swift; path = SearchBar.swift; sourceTree = "<group>"; };
		0905C5292B84FAB7002342E9 /* PhotosPickerView.swift */ = {isa = PBXFileReference; lastKnownFileType = sourcecode.swift; path = PhotosPickerView.swift; sourceTree = "<group>"; };
		0905C52B2B852730002342E9 /* Components */ = {isa = PBXFileReference; lastKnownFileType = wrapper; path = Components; sourceTree = "<group>"; };
		090F78152B8F621D00625729 /* SearchViewModel.swift */ = {isa = PBXFileReference; lastKnownFileType = sourcecode.swift; path = SearchViewModel.swift; sourceTree = "<group>"; };
		090F78172B8F789500625729 /* AboutUsView.swift */ = {isa = PBXFileReference; lastKnownFileType = sourcecode.swift; path = AboutUsView.swift; sourceTree = "<group>"; };
		091CC09D2BA5A35D00A077A4 /* UserWorker.swift */ = {isa = PBXFileReference; lastKnownFileType = sourcecode.swift; path = UserWorker.swift; sourceTree = "<group>"; };
		093548682B5EAEDE00CC4955 /* BookLovers.app */ = {isa = PBXFileReference; explicitFileType = wrapper.application; includeInIndex = 0; path = BookLovers.app; sourceTree = BUILT_PRODUCTS_DIR; };
		0935486B2B5EAEDE00CC4955 /* BookLoversApp.swift */ = {isa = PBXFileReference; lastKnownFileType = sourcecode.swift; path = BookLoversApp.swift; sourceTree = "<group>"; };
		0935486F2B5EAEE100CC4955 /* Assets.xcassets */ = {isa = PBXFileReference; lastKnownFileType = folder.assetcatalog; path = Assets.xcassets; sourceTree = "<group>"; };
		093548722B5EAEE100CC4955 /* Preview Assets.xcassets */ = {isa = PBXFileReference; lastKnownFileType = folder.assetcatalog; path = "Preview Assets.xcassets"; sourceTree = "<group>"; };
		093C1EC42B8CF0C20085C22F /* AuthViewModel.swift */ = {isa = PBXFileReference; lastKnownFileType = sourcecode.swift; path = AuthViewModel.swift; sourceTree = "<group>"; };
		09441E022B7135AE004A09D0 /* MostPopularItem.swift */ = {isa = PBXFileReference; lastKnownFileType = sourcecode.swift; path = MostPopularItem.swift; sourceTree = "<group>"; };
		09441E062B71433B004A09D0 /* SignInView.swift */ = {isa = PBXFileReference; lastKnownFileType = sourcecode.swift; path = SignInView.swift; sourceTree = "<group>"; };
		09441E082B714698004A09D0 /* FavoritesView.swift */ = {isa = PBXFileReference; lastKnownFileType = sourcecode.swift; path = FavoritesView.swift; sourceTree = "<group>"; };
		0945AF3E2B8A082C00A4623A /* WelcomePages.swift */ = {isa = PBXFileReference; lastKnownFileType = sourcecode.swift; path = WelcomePages.swift; sourceTree = "<group>"; };
		094A651C2B70EEE800E6FF4E /* MainTabbarView.swift */ = {isa = PBXFileReference; lastKnownFileType = sourcecode.swift; path = MainTabbarView.swift; sourceTree = "<group>"; };
		094A651E2B70F50900E6FF4E /* ExploreView.swift */ = {isa = PBXFileReference; lastKnownFileType = sourcecode.swift; path = ExploreView.swift; sourceTree = "<group>"; };
		094A65202B71059200E6FF4E /* ExploreHeader.swift */ = {isa = PBXFileReference; lastKnownFileType = sourcecode.swift; path = ExploreHeader.swift; sourceTree = "<group>"; };
		094A65262B71073D00E6FF4E /* View+Extension.swift */ = {isa = PBXFileReference; lastKnownFileType = sourcecode.swift; path = "View+Extension.swift"; sourceTree = "<group>"; };
		094A65292B7109F800E6FF4E /* MenuOption.swift */ = {isa = PBXFileReference; lastKnownFileType = sourcecode.swift; path = MenuOption.swift; sourceTree = "<group>"; };
		094A652B2B710A0C00E6FF4E /* SideMenuView.swift */ = {isa = PBXFileReference; lastKnownFileType = sourcecode.swift; path = SideMenuView.swift; sourceTree = "<group>"; };
		094A652D2B710A5B00E6FF4E /* SideMenuHeader.swift */ = {isa = PBXFileReference; lastKnownFileType = sourcecode.swift; path = SideMenuHeader.swift; sourceTree = "<group>"; };
		094A652F2B710AAB00E6FF4E /* SideMenuItem.swift */ = {isa = PBXFileReference; lastKnownFileType = sourcecode.swift; path = SideMenuItem.swift; sourceTree = "<group>"; };
		094E137B2B74C7E90052E0D8 /* SignInType.swift */ = {isa = PBXFileReference; lastKnownFileType = sourcecode.swift; path = SignInType.swift; sourceTree = "<group>"; };
		0950D8E52B725564005D755A /* TabItem.swift */ = {isa = PBXFileReference; lastKnownFileType = sourcecode.swift; path = TabItem.swift; sourceTree = "<group>"; };
		095FEB9D2B9A35A7006EE20F /* ResetPasswordView.swift */ = {isa = PBXFileReference; lastKnownFileType = sourcecode.swift; path = ResetPasswordView.swift; sourceTree = "<group>"; };
		096D47512B9BAB9100B2D84D /* AuthWorker.swift */ = {isa = PBXFileReference; lastKnownFileType = sourcecode.swift; path = AuthWorker.swift; sourceTree = "<group>"; };
		09736E002B7409BC00B50164 /* SearchView.swift */ = {isa = PBXFileReference; lastKnownFileType = sourcecode.swift; path = SearchView.swift; sourceTree = "<group>"; };
		09736E022B74109600B50164 /* SortType.swift */ = {isa = PBXFileReference; lastKnownFileType = sourcecode.swift; path = SortType.swift; sourceTree = "<group>"; };
		09879DE12BAB5D3A005377A0 /* FavoriteBook.swift */ = {isa = PBXFileReference; lastKnownFileType = sourcecode.swift; path = FavoriteBook.swift; sourceTree = "<group>"; };
		0992AFDF2BA9C5290033AAEC /* WebRepository.swift */ = {isa = PBXFileReference; fileEncoding = 4; lastKnownFileType = sourcecode.swift; path = WebRepository.swift; sourceTree = "<group>"; };
		0992AFE02BA9C52B0033AAEC /* APICall.swift */ = {isa = PBXFileReference; fileEncoding = 4; lastKnownFileType = sourcecode.swift; path = APICall.swift; sourceTree = "<group>"; };
		0992AFE42BA9C6B10033AAEC /* AppDelegate.swift */ = {isa = PBXFileReference; lastKnownFileType = sourcecode.swift; path = AppDelegate.swift; sourceTree = "<group>"; };
		0997103B2B86315800630A16 /* Managers */ = {isa = PBXFileReference; lastKnownFileType = wrapper; path = Managers; sourceTree = "<group>"; };
		099A2D182B96303B00557DC5 /* AuthTextField.swift */ = {isa = PBXFileReference; lastKnownFileType = sourcecode.swift; path = AuthTextField.swift; sourceTree = "<group>"; };
		099BBF822B925EE400A7B2A4 /* Settings.swift */ = {isa = PBXFileReference; lastKnownFileType = sourcecode.swift; path = Settings.swift; sourceTree = "<group>"; };
		099E9A092B83BBFA009CE7B0 /* ProfileEditorView.swift */ = {isa = PBXFileReference; lastKnownFileType = sourcecode.swift; path = ProfileEditorView.swift; sourceTree = "<group>"; };
		09A165652B80A64E008C0AB3 /* ProfileView.swift */ = {isa = PBXFileReference; lastKnownFileType = sourcecode.swift; path = ProfileView.swift; sourceTree = "<group>"; };
		09A1656E2B80BC5F008C0AB3 /* ProfileHeader.swift */ = {isa = PBXFileReference; lastKnownFileType = sourcecode.swift; path = ProfileHeader.swift; sourceTree = "<group>"; };
		09A165702B80C9B5008C0AB3 /* ProfileContent.swift */ = {isa = PBXFileReference; lastKnownFileType = sourcecode.swift; path = ProfileContent.swift; sourceTree = "<group>"; };
		09A165772B8120BD008C0AB3 /* UserStore.swift */ = {isa = PBXFileReference; lastKnownFileType = sourcecode.swift; path = UserStore.swift; sourceTree = "<group>"; };
		09B358E02B71770300D1DA77 /* LiteraryGenre.swift */ = {isa = PBXFileReference; lastKnownFileType = sourcecode.swift; path = LiteraryGenre.swift; sourceTree = "<group>"; };
		09BBB1742B7E297600F946F4 /* ChatsView.swift */ = {isa = PBXFileReference; lastKnownFileType = sourcecode.swift; path = ChatsView.swift; sourceTree = "<group>"; };
		09BBB1772B7E333700F946F4 /* ChatItemView.swift */ = {isa = PBXFileReference; lastKnownFileType = sourcecode.swift; path = ChatItemView.swift; sourceTree = "<group>"; };
		09BED3032B625F7C00FDEB9C /* Info.plist */ = {isa = PBXFileReference; lastKnownFileType = text.plist.xml; path = Info.plist; sourceTree = "<group>"; };
		09D968B22B7A358E00D373A8 /* UIWindow+Extension.swift */ = {isa = PBXFileReference; lastKnownFileType = sourcecode.swift; path = "UIWindow+Extension.swift"; sourceTree = "<group>"; };
		09DFDE5F2B98C3FB005821D7 /* GoogleService-Info.plist */ = {isa = PBXFileReference; fileEncoding = 4; lastKnownFileType = text.plist.xml; path = "GoogleService-Info.plist"; sourceTree = "<group>"; };
		09DFDE612B98CD40005821D7 /* EmailVerificationView.swift */ = {isa = PBXFileReference; lastKnownFileType = sourcecode.swift; path = EmailVerificationView.swift; sourceTree = "<group>"; };
		09DFDE682B98DD73005821D7 /* verification.json */ = {isa = PBXFileReference; fileEncoding = 4; lastKnownFileType = text.json; path = verification.json; sourceTree = "<group>"; };
		09DFDE6C2B99A746005821D7 /* LoginType.swift */ = {isa = PBXFileReference; lastKnownFileType = sourcecode.swift; path = LoginType.swift; sourceTree = "<group>"; };
		09DFDE752B99C478005821D7 /* Avatar.swift */ = {isa = PBXFileReference; lastKnownFileType = sourcecode.swift; path = Avatar.swift; sourceTree = "<group>"; };
		09EB28362B7B86B40049F5AA /* FavoriteHeader.swift */ = {isa = PBXFileReference; lastKnownFileType = sourcecode.swift; path = FavoriteHeader.swift; sourceTree = "<group>"; };
		09EB283A2B7B8BFE0049F5AA /* FavoriteType.swift */ = {isa = PBXFileReference; lastKnownFileType = sourcecode.swift; path = FavoriteType.swift; sourceTree = "<group>"; };
		09F746272B869CA000DEBB49 /* MacBookLovers.app */ = {isa = PBXFileReference; explicitFileType = wrapper.application; includeInIndex = 0; path = MacBookLovers.app; sourceTree = BUILT_PRODUCTS_DIR; };
		09F7462D2B869CA300DEBB49 /* Assets.xcassets */ = {isa = PBXFileReference; lastKnownFileType = folder.assetcatalog; path = Assets.xcassets; sourceTree = "<group>"; };
		09F746302B869CA300DEBB49 /* Preview Assets.xcassets */ = {isa = PBXFileReference; lastKnownFileType = folder.assetcatalog; path = "Preview Assets.xcassets"; sourceTree = "<group>"; };
		09F746322B869CA300DEBB49 /* MacBookLovers.entitlements */ = {isa = PBXFileReference; lastKnownFileType = text.plist.entitlements; path = MacBookLovers.entitlements; sourceTree = "<group>"; };
		09F7463A2B869DAA00DEBB49 /* HomeView.swift */ = {isa = PBXFileReference; lastKnownFileType = sourcecode.swift; path = HomeView.swift; sourceTree = "<group>"; };
		09F757612B763C16004C849B /* CommunityListView.swift */ = {isa = PBXFileReference; lastKnownFileType = sourcecode.swift; path = CommunityListView.swift; sourceTree = "<group>"; };
		09F8A6702B8919E2002C3AC7 /* User.swift */ = {isa = PBXFileReference; lastKnownFileType = sourcecode.swift; path = User.swift; sourceTree = "<group>"; };
		09F9AAAA2B7D1B8800C0FC8D /* FavoriteItem.swift */ = {isa = PBXFileReference; lastKnownFileType = sourcecode.swift; path = FavoriteItem.swift; sourceTree = "<group>"; };
		09F9AAAD2B7D411900C0FC8D /* LaunchView.swift */ = {isa = PBXFileReference; lastKnownFileType = sourcecode.swift; path = LaunchView.swift; sourceTree = "<group>"; };
/* End PBXFileReference section */

/* Begin PBXFrameworksBuildPhase section */
		093548652B5EAEDE00CC4955 /* Frameworks */ = {
			isa = PBXFrameworksBuildPhase;
			buildActionMask = 2147483647;
			files = (
				0997103D2B8631F900630A16 /* Managers in Frameworks */,
				09DFDE652B98D16F005821D7 /* Lottie in Frameworks */,
				091CC09C2BA5A2F900A077A4 /* FirebaseStorage in Frameworks */,
				0945AF3D2B89FF4E00A4623A /* WelcomeSheet in Frameworks */,
				09DFDE742B99BF5E005821D7 /* Kingfisher in Frameworks */,
				090180E12B90B24000820CAB /* AlertKit in Frameworks */,
				0905C52E2B852AF9002342E9 /* Components in Frameworks */,
				09A165692B80A79A008C0AB3 /* ScalingHeaderScrollView in Frameworks */,
				091CC09A2BA5A2F900A077A4 /* FirebaseAuth in Frameworks */,
			);
			runOnlyForDeploymentPostprocessing = 0;
		};
		09F746242B869CA000DEBB49 /* Frameworks */ = {
			isa = PBXFrameworksBuildPhase;
			buildActionMask = 2147483647;
			files = (
				0921FA7A2B87867C00EE083C /* Components in Frameworks */,
			);
			runOnlyForDeploymentPostprocessing = 0;
		};
/* End PBXFrameworksBuildPhase section */

/* Begin PBXGroup section */
		0901E8582B73C3B6007C11A5 /* Auth */ = {
			isa = PBXGroup;
			children = (
				093C1EC42B8CF0C20085C22F /* AuthViewModel.swift */,
				09441E062B71433B004A09D0 /* SignInView.swift */,
				0901E8592B73C3C7007C11A5 /* LoginView.swift */,
				099A2D182B96303B00557DC5 /* AuthTextField.swift */,
				09DFDE612B98CD40005821D7 /* EmailVerificationView.swift */,
				09DFDE6C2B99A746005821D7 /* LoginType.swift */,
				095FEB9D2B9A35A7006EE20F /* ResetPasswordView.swift */,
				096D47512B9BAB9100B2D84D /* AuthWorker.swift */,
			);
			path = Auth;
			sourceTree = "<group>";
		};
		0901E85D2B73E843007C11A5 /* Search */ = {
			isa = PBXGroup;
			children = (
				090F78152B8F621D00625729 /* SearchViewModel.swift */,
				0901E85E2B73E855007C11A5 /* SearchBar.swift */,
				09736E002B7409BC00B50164 /* SearchView.swift */,
			);
			path = Search;
			sourceTree = "<group>";
		};
		0905C52C2B852AED002342E9 /* Frameworks */ = {
			isa = PBXGroup;
			children = (
			);
			name = Frameworks;
			sourceTree = "<group>";
		};
		090F78192B8F7D6700625729 /* AboutUs */ = {
			isa = PBXGroup;
			children = (
				090F78172B8F789500625729 /* AboutUsView.swift */,
			);
			path = AboutUs;
			sourceTree = "<group>";
		};
		0935485F2B5EAEDE00CC4955 = {
			isa = PBXGroup;
			children = (
				0935486A2B5EAEDE00CC4955 /* BookLovers */,
				0905C52B2B852730002342E9 /* Components */,
				0997103B2B86315800630A16 /* Managers */,
				09F746282B869CA000DEBB49 /* MacBookLovers */,
				093548692B5EAEDE00CC4955 /* Products */,
				0905C52C2B852AED002342E9 /* Frameworks */,
			);
			sourceTree = "<group>";
		};
		093548692B5EAEDE00CC4955 /* Products */ = {
			isa = PBXGroup;
			children = (
				093548682B5EAEDE00CC4955 /* BookLovers.app */,
				09F746272B869CA000DEBB49 /* MacBookLovers.app */,
			);
			name = Products;
			sourceTree = "<group>";
		};
		0935486A2B5EAEDE00CC4955 /* BookLovers */ = {
			isa = PBXGroup;
			children = (
				093548792B5EAF0300CC4955 /* Applicaiton */,
				0935487B2B5EAF1A00CC4955 /* Core */,
				094A65252B71072600E6FF4E /* Extensions */,
				09B358DF2B7176E400D1DA77 /* Models */,
				0992AFE32BA9C6150033AAEC /* Repositories */,
				0935487A2B5EAF0B00CC4955 /* Resources */,
				0992AFDE2BA9C5160033AAEC /* Utilites */,
			);
			path = BookLovers;
			sourceTree = "<group>";
		};
		093548712B5EAEE100CC4955 /* Preview Content */ = {
			isa = PBXGroup;
			children = (
				093548722B5EAEE100CC4955 /* Preview Assets.xcassets */,
			);
			path = "Preview Content";
			sourceTree = "<group>";
		};
		093548792B5EAF0300CC4955 /* Applicaiton */ = {
			isa = PBXGroup;
			children = (
				0992AFE42BA9C6B10033AAEC /* AppDelegate.swift */,
				0935486B2B5EAEDE00CC4955 /* BookLoversApp.swift */,
			);
			path = Applicaiton;
			sourceTree = "<group>";
		};
		0935487A2B5EAF0B00CC4955 /* Resources */ = {
			isa = PBXGroup;
			children = (
				09DFDE682B98DD73005821D7 /* verification.json */,
				09DFDE5F2B98C3FB005821D7 /* GoogleService-Info.plist */,
				09BED3032B625F7C00FDEB9C /* Info.plist */,
				0935486F2B5EAEE100CC4955 /* Assets.xcassets */,
				093548712B5EAEE100CC4955 /* Preview Content */,
			);
			path = Resources;
			sourceTree = "<group>";
		};
		0935487B2B5EAF1A00CC4955 /* Core */ = {
			isa = PBXGroup;
			children = (
				09BBC54B2B99D05B006B5284 /* User */,
				093C1EC02B8CF0080085C22F /* AuthFlow */,
				093C1EC32B8CF0750085C22F /* CommunityFlow */,
				093C1EC12B8CF0280085C22F /* ExploreFlow */,
				093C1EC22B8CF05F0085C22F /* FavoritesFlow */,
				094A65182B70EE7100E6FF4E /* Tabbar */,
			);
			path = Core;
			sourceTree = "<group>";
		};
		093C1EC02B8CF0080085C22F /* AuthFlow */ = {
			isa = PBXGroup;
			children = (
				0901E8582B73C3B6007C11A5 /* Auth */,
				09F9AAAC2B7D40F900C0FC8D /* Launch */,
			);
			path = AuthFlow;
			sourceTree = "<group>";
		};
		093C1EC12B8CF0280085C22F /* ExploreFlow */ = {
			isa = PBXGroup;
			children = (
				090F78192B8F7D6700625729 /* AboutUs */,
				09A1656D2B80BC4A008C0AB3 /* Profile */,
				094A65192B70EE7700E6FF4E /* Explore */,
				0901E85D2B73E843007C11A5 /* Search */,
				094A65282B7109E500E6FF4E /* SideMenu */,
			);
			path = ExploreFlow;
			sourceTree = "<group>";
		};
		093C1EC22B8CF05F0085C22F /* FavoritesFlow */ = {
			isa = PBXGroup;
			children = (
				094A651A2B70EE8000E6FF4E /* Favorites */,
			);
			path = FavoritesFlow;
			sourceTree = "<group>";
		};
		093C1EC32B8CF0750085C22F /* CommunityFlow */ = {
			isa = PBXGroup;
			children = (
				09BBB1762B7E297B00F946F4 /* Chat */,
				094A651B2B70EE8800E6FF4E /* Community */,
			);
			path = CommunityFlow;
			sourceTree = "<group>";
		};
		094A65182B70EE7100E6FF4E /* Tabbar */ = {
			isa = PBXGroup;
			children = (
				094A651C2B70EEE800E6FF4E /* MainTabbarView.swift */,
				0950D8E52B725564005D755A /* TabItem.swift */,
			);
			path = Tabbar;
			sourceTree = "<group>";
		};
		094A65192B70EE7700E6FF4E /* Explore */ = {
			isa = PBXGroup;
			children = (
				094A65222B7105D300E6FF4E /* View */,
			);
			path = Explore;
			sourceTree = "<group>";
		};
		094A651A2B70EE8000E6FF4E /* Favorites */ = {
			isa = PBXGroup;
			children = (
				09441E082B714698004A09D0 /* FavoritesView.swift */,
				09EB28362B7B86B40049F5AA /* FavoriteHeader.swift */,
				09EB283A2B7B8BFE0049F5AA /* FavoriteType.swift */,
				09F9AAAA2B7D1B8800C0FC8D /* FavoriteItem.swift */,
				09879DE12BAB5D3A005377A0 /* FavoriteBook.swift */,
			);
			path = Favorites;
			sourceTree = "<group>";
		};
		094A651B2B70EE8800E6FF4E /* Community */ = {
			isa = PBXGroup;
			children = (
				0901E8522B73A8CD007C11A5 /* CommunityView.swift */,
				09F757612B763C16004C849B /* CommunityListView.swift */,
			);
			path = Community;
			sourceTree = "<group>";
		};
		094A65222B7105D300E6FF4E /* View */ = {
			isa = PBXGroup;
			children = (
				094A651E2B70F50900E6FF4E /* ExploreView.swift */,
				094A65202B71059200E6FF4E /* ExploreHeader.swift */,
				09441E022B7135AE004A09D0 /* MostPopularItem.swift */,
			);
			path = View;
			sourceTree = "<group>";
		};
		094A65252B71072600E6FF4E /* Extensions */ = {
			isa = PBXGroup;
			children = (
				094A65262B71073D00E6FF4E /* View+Extension.swift */,
				09D968B22B7A358E00D373A8 /* UIWindow+Extension.swift */,
			);
			path = Extensions;
			sourceTree = "<group>";
		};
		094A65282B7109E500E6FF4E /* SideMenu */ = {
			isa = PBXGroup;
			children = (
				094A65322B7112DE00E6FF4E /* View */,
				094A65312B7112D100E6FF4E /* Model */,
			);
			path = SideMenu;
			sourceTree = "<group>";
		};
		094A65312B7112D100E6FF4E /* Model */ = {
			isa = PBXGroup;
			children = (
				094A65292B7109F800E6FF4E /* MenuOption.swift */,
			);
			path = Model;
			sourceTree = "<group>";
		};
		094A65322B7112DE00E6FF4E /* View */ = {
			isa = PBXGroup;
			children = (
				094A652B2B710A0C00E6FF4E /* SideMenuView.swift */,
				094A652D2B710A5B00E6FF4E /* SideMenuHeader.swift */,
				094A652F2B710AAB00E6FF4E /* SideMenuItem.swift */,
			);
			path = View;
			sourceTree = "<group>";
		};
		0992AFDE2BA9C5160033AAEC /* Utilites */ = {
			isa = PBXGroup;
			children = (
				0992AFE02BA9C52B0033AAEC /* APICall.swift */,
				0992AFDF2BA9C5290033AAEC /* WebRepository.swift */,
			);
			path = Utilites;
			sourceTree = "<group>";
		};
		0992AFE32BA9C6150033AAEC /* Repositories */ = {
			isa = PBXGroup;
			children = (
			);
			path = Repositories;
			sourceTree = "<group>";
		};
		09A1656D2B80BC4A008C0AB3 /* Profile */ = {
			isa = PBXGroup;
			children = (
				0905C5292B84FAB7002342E9 /* PhotosPickerView.swift */,
				09A165652B80A64E008C0AB3 /* ProfileView.swift */,
				09A1656E2B80BC5F008C0AB3 /* ProfileHeader.swift */,
				09A165702B80C9B5008C0AB3 /* ProfileContent.swift */,
				099E9A092B83BBFA009CE7B0 /* ProfileEditorView.swift */,
			);
			path = Profile;
			sourceTree = "<group>";
		};
		09B358DF2B7176E400D1DA77 /* Models */ = {
			isa = PBXGroup;
			children = (
				09B358E02B71770300D1DA77 /* LiteraryGenre.swift */,
				09736E022B74109600B50164 /* SortType.swift */,
				094E137B2B74C7E90052E0D8 /* SignInType.swift */,
				09F8A6702B8919E2002C3AC7 /* User.swift */,
				099BBF822B925EE400A7B2A4 /* Settings.swift */,
			);
			path = Models;
			sourceTree = "<group>";
		};
		09BBB1762B7E297B00F946F4 /* Chat */ = {
			isa = PBXGroup;
			children = (
				09BBB1742B7E297600F946F4 /* ChatsView.swift */,
				09BBB1772B7E333700F946F4 /* ChatItemView.swift */,
			);
			path = Chat;
			sourceTree = "<group>";
		};
		09BBC54B2B99D05B006B5284 /* User */ = {
			isa = PBXGroup;
			children = (
				09DFDE752B99C478005821D7 /* Avatar.swift */,
				09A165772B8120BD008C0AB3 /* UserStore.swift */,
				091CC09D2BA5A35D00A077A4 /* UserWorker.swift */,
			);
			path = User;
			sourceTree = "<group>";
		};
		09F746282B869CA000DEBB49 /* MacBookLovers */ = {
			isa = PBXGroup;
			children = (
				09F746382B869D8900DEBB49 /* Core */,
				09F746392B869D8E00DEBB49 /* Resources */,
				09F746322B869CA300DEBB49 /* MacBookLovers.entitlements */,
			);
			path = MacBookLovers;
			sourceTree = "<group>";
		};
		09F7462F2B869CA300DEBB49 /* Preview Content */ = {
			isa = PBXGroup;
			children = (
				09F746302B869CA300DEBB49 /* Preview Assets.xcassets */,
			);
			path = "Preview Content";
			sourceTree = "<group>";
		};
		09F746382B869D8900DEBB49 /* Core */ = {
			isa = PBXGroup;
			children = (
				09F7463A2B869DAA00DEBB49 /* HomeView.swift */,
			);
			path = Core;
			sourceTree = "<group>";
		};
		09F746392B869D8E00DEBB49 /* Resources */ = {
			isa = PBXGroup;
			children = (
				09F7462D2B869CA300DEBB49 /* Assets.xcassets */,
				09F7462F2B869CA300DEBB49 /* Preview Content */,
			);
			path = Resources;
			sourceTree = "<group>";
		};
		09F9AAAC2B7D40F900C0FC8D /* Launch */ = {
			isa = PBXGroup;
			children = (
				0945AF3E2B8A082C00A4623A /* WelcomePages.swift */,
				09F9AAAD2B7D411900C0FC8D /* LaunchView.swift */,
			);
			path = Launch;
			sourceTree = "<group>";
		};
/* End PBXGroup section */

/* Begin PBXNativeTarget section */
		093548672B5EAEDE00CC4955 /* BookLovers */ = {
			isa = PBXNativeTarget;
			buildConfigurationList = 093548762B5EAEE100CC4955 /* Build configuration list for PBXNativeTarget "BookLovers" */;
			buildPhases = (
				093548642B5EAEDE00CC4955 /* Sources */,
				093548652B5EAEDE00CC4955 /* Frameworks */,
				093548662B5EAEDE00CC4955 /* Resources */,
				09A1656C2B80ABCA008C0AB3 /* CopyFiles */,
			);
			buildRules = (
			);
			dependencies = (
				09A1656B2B80AB9C008C0AB3 /* PBXTargetDependency */,
			);
			name = BookLovers;
			packageProductDependencies = (
				09A165682B80A79A008C0AB3 /* ScalingHeaderScrollView */,
				0905C52D2B852AF9002342E9 /* Components */,
				0997103C2B8631F900630A16 /* Managers */,
				0945AF3C2B89FF4E00A4623A /* WelcomeSheet */,
				090180E02B90B24000820CAB /* AlertKit */,
				09DFDE642B98D16F005821D7 /* Lottie */,
				09DFDE732B99BF5E005821D7 /* Kingfisher */,
				091CC0992BA5A2F900A077A4 /* FirebaseAuth */,
				091CC09B2BA5A2F900A077A4 /* FirebaseStorage */,
			);
			productName = BookLovers;
			productReference = 093548682B5EAEDE00CC4955 /* BookLovers.app */;
			productType = "com.apple.product-type.application";
		};
		09F746262B869CA000DEBB49 /* MacBookLovers */ = {
			isa = PBXNativeTarget;
			buildConfigurationList = 09F746352B869CA300DEBB49 /* Build configuration list for PBXNativeTarget "MacBookLovers" */;
			buildPhases = (
				09F746232B869CA000DEBB49 /* Sources */,
				09F746242B869CA000DEBB49 /* Frameworks */,
				09F746252B869CA000DEBB49 /* Resources */,
			);
			buildRules = (
			);
			dependencies = (
			);
			name = MacBookLovers;
			packageProductDependencies = (
				0921FA792B87867C00EE083C /* Components */,
			);
			productName = MacBookLovers;
			productReference = 09F746272B869CA000DEBB49 /* MacBookLovers.app */;
			productType = "com.apple.product-type.application";
		};
/* End PBXNativeTarget section */

/* Begin PBXProject section */
		093548602B5EAEDE00CC4955 /* Project object */ = {
			isa = PBXProject;
			attributes = {
				BuildIndependentTargetsInParallel = 1;
				LastSwiftUpdateCheck = 1420;
				LastUpgradeCheck = 1420;
				TargetAttributes = {
					093548672B5EAEDE00CC4955 = {
						CreatedOnToolsVersion = 14.2;
					};
					09F746262B869CA000DEBB49 = {
						CreatedOnToolsVersion = 14.2;
					};
				};
			};
			buildConfigurationList = 093548632B5EAEDE00CC4955 /* Build configuration list for PBXProject "BookLovers" */;
			compatibilityVersion = "Xcode 14.0";
			developmentRegion = en;
			hasScannedForEncodings = 0;
			knownRegions = (
				en,
				Base,
			);
			mainGroup = 0935485F2B5EAEDE00CC4955;
			packageReferences = (
				09A165672B80A79A008C0AB3 /* XCRemoteSwiftPackageReference "ScalingHeaderScrollView" */,
				0945AF3B2B89FF4E00A4623A /* XCRemoteSwiftPackageReference "Welcome-Sheet" */,
				090180DF2B90B24000820CAB /* XCRemoteSwiftPackageReference "AlertKit" */,
				09DFDE632B98D16F005821D7 /* XCRemoteSwiftPackageReference "lottie-ios" */,
				09DFDE722B99BF5D005821D7 /* XCRemoteSwiftPackageReference "Kingfisher" */,
				091CC0982BA5A2F900A077A4 /* XCRemoteSwiftPackageReference "firebase-ios-sdk" */,
			);
			productRefGroup = 093548692B5EAEDE00CC4955 /* Products */;
			projectDirPath = "";
			projectRoot = "";
			targets = (
				093548672B5EAEDE00CC4955 /* BookLovers */,
				09F746262B869CA000DEBB49 /* MacBookLovers */,
			);
		};
/* End PBXProject section */

/* Begin PBXResourcesBuildPhase section */
		093548662B5EAEDE00CC4955 /* Resources */ = {
			isa = PBXResourcesBuildPhase;
			buildActionMask = 2147483647;
			files = (
				09DFDE692B98DD73005821D7 /* verification.json in Resources */,
				093548732B5EAEE100CC4955 /* Preview Assets.xcassets in Resources */,
				093548702B5EAEE100CC4955 /* Assets.xcassets in Resources */,
				09DFDE602B98C3FB005821D7 /* GoogleService-Info.plist in Resources */,
			);
			runOnlyForDeploymentPostprocessing = 0;
		};
		09F746252B869CA000DEBB49 /* Resources */ = {
			isa = PBXResourcesBuildPhase;
			buildActionMask = 2147483647;
			files = (
				09F746312B869CA300DEBB49 /* Preview Assets.xcassets in Resources */,
				09F7462E2B869CA300DEBB49 /* Assets.xcassets in Resources */,
			);
			runOnlyForDeploymentPostprocessing = 0;
		};
/* End PBXResourcesBuildPhase section */

/* Begin PBXSourcesBuildPhase section */
		093548642B5EAEDE00CC4955 /* Sources */ = {
			isa = PBXSourcesBuildPhase;
			buildActionMask = 2147483647;
			files = (
				09DFDE622B98CD40005821D7 /* EmailVerificationView.swift in Sources */,
				09D968B32B7A358E00D373A8 /* UIWindow+Extension.swift in Sources */,
				095FEB9E2B9A35A7006EE20F /* ResetPasswordView.swift in Sources */,
				09879DE22BAB5D3A005377A0 /* FavoriteBook.swift in Sources */,
				09F9AAAE2B7D411900C0FC8D /* LaunchView.swift in Sources */,
				09441E032B7135AE004A09D0 /* MostPopularItem.swift in Sources */,
				0901E85A2B73C3C7007C11A5 /* LoginView.swift in Sources */,
				0992AFE12BA9C52B0033AAEC /* WebRepository.swift in Sources */,
				09DFDE6D2B99A746005821D7 /* LoginType.swift in Sources */,
				09F9AAAB2B7D1B8800C0FC8D /* FavoriteItem.swift in Sources */,
				0945AF3F2B8A082C00A4623A /* WelcomePages.swift in Sources */,
				099BBF832B925EE400A7B2A4 /* Settings.swift in Sources */,
				0935486C2B5EAEDE00CC4955 /* BookLoversApp.swift in Sources */,
				0901E85F2B73E855007C11A5 /* SearchBar.swift in Sources */,
				09F757622B763C16004C849B /* CommunityListView.swift in Sources */,
				099E9A0A2B83BBFA009CE7B0 /* ProfileEditorView.swift in Sources */,
				09736E012B7409BC00B50164 /* SearchView.swift in Sources */,
				099A2D192B96303B00557DC5 /* AuthTextField.swift in Sources */,
				09BBB1782B7E333700F946F4 /* ChatItemView.swift in Sources */,
				090F78182B8F789500625729 /* AboutUsView.swift in Sources */,
				094A652C2B710A0C00E6FF4E /* SideMenuView.swift in Sources */,
				09441E092B714698004A09D0 /* FavoritesView.swift in Sources */,
				096D47522B9BAB9100B2D84D /* AuthWorker.swift in Sources */,
				094A65302B710AAB00E6FF4E /* SideMenuItem.swift in Sources */,
				09EB28372B7B86B40049F5AA /* FavoriteHeader.swift in Sources */,
				09A165712B80C9B5008C0AB3 /* ProfileContent.swift in Sources */,
				090F78162B8F621D00625729 /* SearchViewModel.swift in Sources */,
				094A652E2B710A5B00E6FF4E /* SideMenuHeader.swift in Sources */,
				094E137C2B74C7E90052E0D8 /* SignInType.swift in Sources */,
				094A651F2B70F50900E6FF4E /* ExploreView.swift in Sources */,
				09A165662B80A64E008C0AB3 /* ProfileView.swift in Sources */,
				094A652A2B7109F800E6FF4E /* MenuOption.swift in Sources */,
				0950D8E62B725564005D755A /* TabItem.swift in Sources */,
				0905C52A2B84FAB7002342E9 /* PhotosPickerView.swift in Sources */,
				094A65212B71059200E6FF4E /* ExploreHeader.swift in Sources */,
				0901E8532B73A8CD007C11A5 /* CommunityView.swift in Sources */,
				09F8A6712B8919E2002C3AC7 /* User.swift in Sources */,
				091CC09E2BA5A35D00A077A4 /* UserWorker.swift in Sources */,
				094A65272B71073D00E6FF4E /* View+Extension.swift in Sources */,
				0992AFE52BA9C6B10033AAEC /* AppDelegate.swift in Sources */,
				09DFDE762B99C478005821D7 /* Avatar.swift in Sources */,
				09736E032B74109600B50164 /* SortType.swift in Sources */,
				09A165782B8120BE008C0AB3 /* UserStore.swift in Sources */,
				0992AFE22BA9C52B0033AAEC /* APICall.swift in Sources */,
				094A651D2B70EEE800E6FF4E /* MainTabbarView.swift in Sources */,
				09A1656F2B80BC5F008C0AB3 /* ProfileHeader.swift in Sources */,
				09B358E12B71770300D1DA77 /* LiteraryGenre.swift in Sources */,
				093C1EC52B8CF0C20085C22F /* AuthViewModel.swift in Sources */,
				09BBB1752B7E297600F946F4 /* ChatsView.swift in Sources */,
				09441E072B71433B004A09D0 /* SignInView.swift in Sources */,
				09EB283B2B7B8BFE0049F5AA /* FavoriteType.swift in Sources */,
			);
			runOnlyForDeploymentPostprocessing = 0;
		};
		09F746232B869CA000DEBB49 /* Sources */ = {
			isa = PBXSourcesBuildPhase;
			buildActionMask = 2147483647;
			files = (
				09F8A6722B8919E2002C3AC7 /* User.swift in Sources */,
				09F7463B2B869DAA00DEBB49 /* HomeView.swift in Sources */,
				0921FA752B8783F700EE083C /* MenuOption.swift in Sources */,
				0921FA772B87863A00EE083C /* SideMenuHeader.swift in Sources */,
				09F746372B869D7200DEBB49 /* UserStore.swift in Sources */,
				09F746362B869D5C00DEBB49 /* BookLoversApp.swift in Sources */,
				09F7463D2B869DD100DEBB49 /* SortType.swift in Sources */,
				0921FA762B8784C800EE083C /* SideMenuView.swift in Sources */,
				0921FA782B87865300EE083C /* SideMenuItem.swift in Sources */,
				09F7463C2B869DD100DEBB49 /* LiteraryGenre.swift in Sources */,
				0921FA7B2B8788C100EE083C /* View+Extension.swift in Sources */,
				09F7463E2B869DD100DEBB49 /* SignInType.swift in Sources */,
			);
			runOnlyForDeploymentPostprocessing = 0;
		};
/* End PBXSourcesBuildPhase section */

/* Begin PBXTargetDependency section */
		09A1656B2B80AB9C008C0AB3 /* PBXTargetDependency */ = {
			isa = PBXTargetDependency;
			productRef = 09A1656A2B80AB9C008C0AB3 /* ScalingHeaderScrollView */;
		};
/* End PBXTargetDependency section */

/* Begin XCBuildConfiguration section */
		093548742B5EAEE100CC4955 /* Debug */ = {
			isa = XCBuildConfiguration;
			buildSettings = {
				ALWAYS_SEARCH_USER_PATHS = NO;
				CLANG_ANALYZER_NONNULL = YES;
				CLANG_ANALYZER_NUMBER_OBJECT_CONVERSION = YES_AGGRESSIVE;
				CLANG_CXX_LANGUAGE_STANDARD = "gnu++20";
				CLANG_ENABLE_MODULES = YES;
				CLANG_ENABLE_OBJC_ARC = YES;
				CLANG_ENABLE_OBJC_WEAK = YES;
				CLANG_WARN_BLOCK_CAPTURE_AUTORELEASING = YES;
				CLANG_WARN_BOOL_CONVERSION = YES;
				CLANG_WARN_COMMA = YES;
				CLANG_WARN_CONSTANT_CONVERSION = YES;
				CLANG_WARN_DEPRECATED_OBJC_IMPLEMENTATIONS = YES;
				CLANG_WARN_DIRECT_OBJC_ISA_USAGE = YES_ERROR;
				CLANG_WARN_DOCUMENTATION_COMMENTS = YES;
				CLANG_WARN_EMPTY_BODY = YES;
				CLANG_WARN_ENUM_CONVERSION = YES;
				CLANG_WARN_INFINITE_RECURSION = YES;
				CLANG_WARN_INT_CONVERSION = YES;
				CLANG_WARN_NON_LITERAL_NULL_CONVERSION = YES;
				CLANG_WARN_OBJC_IMPLICIT_RETAIN_SELF = YES;
				CLANG_WARN_OBJC_LITERAL_CONVERSION = YES;
				CLANG_WARN_OBJC_ROOT_CLASS = YES_ERROR;
				CLANG_WARN_QUOTED_INCLUDE_IN_FRAMEWORK_HEADER = YES;
				CLANG_WARN_RANGE_LOOP_ANALYSIS = YES;
				CLANG_WARN_STRICT_PROTOTYPES = YES;
				CLANG_WARN_SUSPICIOUS_MOVE = YES;
				CLANG_WARN_UNGUARDED_AVAILABILITY = YES_AGGRESSIVE;
				CLANG_WARN_UNREACHABLE_CODE = YES;
				CLANG_WARN__DUPLICATE_METHOD_MATCH = YES;
				COPY_PHASE_STRIP = NO;
				DEBUG_INFORMATION_FORMAT = dwarf;
				ENABLE_STRICT_OBJC_MSGSEND = YES;
				ENABLE_TESTABILITY = YES;
				GCC_C_LANGUAGE_STANDARD = gnu11;
				GCC_DYNAMIC_NO_PIC = NO;
				GCC_NO_COMMON_BLOCKS = YES;
				GCC_OPTIMIZATION_LEVEL = 0;
				GCC_PREPROCESSOR_DEFINITIONS = (
					"DEBUG=1",
					"$(inherited)",
				);
				GCC_WARN_64_TO_32_BIT_CONVERSION = YES;
				GCC_WARN_ABOUT_RETURN_TYPE = YES_ERROR;
				GCC_WARN_UNDECLARED_SELECTOR = YES;
				GCC_WARN_UNINITIALIZED_AUTOS = YES_AGGRESSIVE;
				GCC_WARN_UNUSED_FUNCTION = YES;
				GCC_WARN_UNUSED_VARIABLE = YES;
				IPHONEOS_DEPLOYMENT_TARGET = 16.2;
				MTL_ENABLE_DEBUG_INFO = INCLUDE_SOURCE;
				MTL_FAST_MATH = YES;
				ONLY_ACTIVE_ARCH = YES;
				SDKROOT = iphoneos;
				SWIFT_ACTIVE_COMPILATION_CONDITIONS = DEBUG;
				SWIFT_OPTIMIZATION_LEVEL = "-Onone";
			};
			name = Debug;
		};
		093548752B5EAEE100CC4955 /* Release */ = {
			isa = XCBuildConfiguration;
			buildSettings = {
				ALWAYS_SEARCH_USER_PATHS = NO;
				CLANG_ANALYZER_NONNULL = YES;
				CLANG_ANALYZER_NUMBER_OBJECT_CONVERSION = YES_AGGRESSIVE;
				CLANG_CXX_LANGUAGE_STANDARD = "gnu++20";
				CLANG_ENABLE_MODULES = YES;
				CLANG_ENABLE_OBJC_ARC = YES;
				CLANG_ENABLE_OBJC_WEAK = YES;
				CLANG_WARN_BLOCK_CAPTURE_AUTORELEASING = YES;
				CLANG_WARN_BOOL_CONVERSION = YES;
				CLANG_WARN_COMMA = YES;
				CLANG_WARN_CONSTANT_CONVERSION = YES;
				CLANG_WARN_DEPRECATED_OBJC_IMPLEMENTATIONS = YES;
				CLANG_WARN_DIRECT_OBJC_ISA_USAGE = YES_ERROR;
				CLANG_WARN_DOCUMENTATION_COMMENTS = YES;
				CLANG_WARN_EMPTY_BODY = YES;
				CLANG_WARN_ENUM_CONVERSION = YES;
				CLANG_WARN_INFINITE_RECURSION = YES;
				CLANG_WARN_INT_CONVERSION = YES;
				CLANG_WARN_NON_LITERAL_NULL_CONVERSION = YES;
				CLANG_WARN_OBJC_IMPLICIT_RETAIN_SELF = YES;
				CLANG_WARN_OBJC_LITERAL_CONVERSION = YES;
				CLANG_WARN_OBJC_ROOT_CLASS = YES_ERROR;
				CLANG_WARN_QUOTED_INCLUDE_IN_FRAMEWORK_HEADER = YES;
				CLANG_WARN_RANGE_LOOP_ANALYSIS = YES;
				CLANG_WARN_STRICT_PROTOTYPES = YES;
				CLANG_WARN_SUSPICIOUS_MOVE = YES;
				CLANG_WARN_UNGUARDED_AVAILABILITY = YES_AGGRESSIVE;
				CLANG_WARN_UNREACHABLE_CODE = YES;
				CLANG_WARN__DUPLICATE_METHOD_MATCH = YES;
				COPY_PHASE_STRIP = NO;
				DEBUG_INFORMATION_FORMAT = "dwarf-with-dsym";
				ENABLE_NS_ASSERTIONS = NO;
				ENABLE_STRICT_OBJC_MSGSEND = YES;
				GCC_C_LANGUAGE_STANDARD = gnu11;
				GCC_NO_COMMON_BLOCKS = YES;
				GCC_WARN_64_TO_32_BIT_CONVERSION = YES;
				GCC_WARN_ABOUT_RETURN_TYPE = YES_ERROR;
				GCC_WARN_UNDECLARED_SELECTOR = YES;
				GCC_WARN_UNINITIALIZED_AUTOS = YES_AGGRESSIVE;
				GCC_WARN_UNUSED_FUNCTION = YES;
				GCC_WARN_UNUSED_VARIABLE = YES;
				IPHONEOS_DEPLOYMENT_TARGET = 16.2;
				MTL_ENABLE_DEBUG_INFO = NO;
				MTL_FAST_MATH = YES;
				SDKROOT = iphoneos;
				SWIFT_COMPILATION_MODE = wholemodule;
				SWIFT_OPTIMIZATION_LEVEL = "-O";
				VALIDATE_PRODUCT = YES;
			};
			name = Release;
		};
		093548772B5EAEE100CC4955 /* Debug */ = {
			isa = XCBuildConfiguration;
			buildSettings = {
				ASSETCATALOG_COMPILER_APPICON_NAME = AppIcon;
				ASSETCATALOG_COMPILER_GLOBAL_ACCENT_COLOR_NAME = AccentColor;
				CODE_SIGN_STYLE = Automatic;
				CURRENT_PROJECT_VERSION = 1;
				DEVELOPMENT_ASSET_PATHS = "\"BookLovers/Resources/Preview Content\"";
				DEVELOPMENT_TEAM = 2B85PH5M9P;
				ENABLE_PREVIEWS = YES;
				GENERATE_INFOPLIST_FILE = YES;
				INFOPLIST_FILE = BookLovers/Resources/Info.plist;
				INFOPLIST_KEY_CFBundleDisplayName = Bookly;
				INFOPLIST_KEY_UIApplicationSupportsIndirectInputEvents = YES;
				INFOPLIST_KEY_UILaunchScreen_Generation = YES;
				INFOPLIST_KEY_UISupportedInterfaceOrientations_iPad = "UIInterfaceOrientationPortrait UIInterfaceOrientationPortraitUpsideDown UIInterfaceOrientationLandscapeLeft UIInterfaceOrientationLandscapeRight";
				INFOPLIST_KEY_UISupportedInterfaceOrientations_iPhone = "UIInterfaceOrientationPortrait UIInterfaceOrientationLandscapeLeft UIInterfaceOrientationLandscapeRight";
				LD_RUNPATH_SEARCH_PATHS = (
					"$(inherited)",
					"@executable_path/Frameworks",
				);
				MARKETING_VERSION = 1.0;
				PRODUCT_BUNDLE_IDENTIFIER = YanRybkin.BookLovers;
				PRODUCT_NAME = "$(TARGET_NAME)";
				SWIFT_EMIT_LOC_STRINGS = YES;
				SWIFT_VERSION = 5.0;
				TARGETED_DEVICE_FAMILY = "1,2";
			};
			name = Debug;
		};
		093548782B5EAEE100CC4955 /* Release */ = {
			isa = XCBuildConfiguration;
			buildSettings = {
				ASSETCATALOG_COMPILER_APPICON_NAME = AppIcon;
				ASSETCATALOG_COMPILER_GLOBAL_ACCENT_COLOR_NAME = AccentColor;
				CODE_SIGN_STYLE = Automatic;
				CURRENT_PROJECT_VERSION = 1;
				DEVELOPMENT_ASSET_PATHS = "\"BookLovers/Resources/Preview Content\"";
				DEVELOPMENT_TEAM = 2B85PH5M9P;
				ENABLE_PREVIEWS = YES;
				GENERATE_INFOPLIST_FILE = YES;
				INFOPLIST_FILE = BookLovers/Resources/Info.plist;
				INFOPLIST_KEY_CFBundleDisplayName = Bookly;
				INFOPLIST_KEY_UIApplicationSupportsIndirectInputEvents = YES;
				INFOPLIST_KEY_UILaunchScreen_Generation = YES;
				INFOPLIST_KEY_UISupportedInterfaceOrientations_iPad = "UIInterfaceOrientationPortrait UIInterfaceOrientationPortraitUpsideDown UIInterfaceOrientationLandscapeLeft UIInterfaceOrientationLandscapeRight";
				INFOPLIST_KEY_UISupportedInterfaceOrientations_iPhone = "UIInterfaceOrientationPortrait UIInterfaceOrientationLandscapeLeft UIInterfaceOrientationLandscapeRight";
				LD_RUNPATH_SEARCH_PATHS = (
					"$(inherited)",
					"@executable_path/Frameworks",
				);
				MARKETING_VERSION = 1.0;
				PRODUCT_BUNDLE_IDENTIFIER = YanRybkin.BookLovers;
				PRODUCT_NAME = "$(TARGET_NAME)";
				SWIFT_EMIT_LOC_STRINGS = YES;
				SWIFT_VERSION = 5.0;
				TARGETED_DEVICE_FAMILY = "1,2";
			};
			name = Release;
		};
		09F746332B869CA300DEBB49 /* Debug */ = {
			isa = XCBuildConfiguration;
			buildSettings = {
				ASSETCATALOG_COMPILER_APPICON_NAME = AppIcon;
				ASSETCATALOG_COMPILER_GLOBAL_ACCENT_COLOR_NAME = AccentColor;
				CODE_SIGN_ENTITLEMENTS = MacBookLovers/MacBookLovers.entitlements;
				CODE_SIGN_STYLE = Automatic;
				COMBINE_HIDPI_IMAGES = YES;
				CURRENT_PROJECT_VERSION = 1;
				DEVELOPMENT_ASSET_PATHS = "\"MacBookLovers/Resources/Preview Content\"";
				DEVELOPMENT_TEAM = 2B85PH5M9P;
				ENABLE_HARDENED_RUNTIME = YES;
				ENABLE_PREVIEWS = YES;
				GENERATE_INFOPLIST_FILE = YES;
				INFOPLIST_KEY_CFBundleDisplayName = Bookly;
				INFOPLIST_KEY_NSHumanReadableCopyright = "";
				LD_RUNPATH_SEARCH_PATHS = (
					"$(inherited)",
					"@executable_path/../Frameworks",
				);
				MACOSX_DEPLOYMENT_TARGET = 13.1;
				MARKETING_VERSION = 1.0;
				PRODUCT_BUNDLE_IDENTIFIER = YanRybkin.MacBookLovers;
				PRODUCT_NAME = "$(TARGET_NAME)";
				SDKROOT = macosx;
				SWIFT_EMIT_LOC_STRINGS = YES;
				SWIFT_VERSION = 5.0;
			};
			name = Debug;
		};
		09F746342B869CA300DEBB49 /* Release */ = {
			isa = XCBuildConfiguration;
			buildSettings = {
				ASSETCATALOG_COMPILER_APPICON_NAME = AppIcon;
				ASSETCATALOG_COMPILER_GLOBAL_ACCENT_COLOR_NAME = AccentColor;
				CODE_SIGN_ENTITLEMENTS = MacBookLovers/MacBookLovers.entitlements;
				CODE_SIGN_STYLE = Automatic;
				COMBINE_HIDPI_IMAGES = YES;
				CURRENT_PROJECT_VERSION = 1;
				DEVELOPMENT_ASSET_PATHS = "\"MacBookLovers/Resources/Preview Content\"";
				DEVELOPMENT_TEAM = 2B85PH5M9P;
				ENABLE_HARDENED_RUNTIME = YES;
				ENABLE_PREVIEWS = YES;
				GENERATE_INFOPLIST_FILE = YES;
				INFOPLIST_KEY_CFBundleDisplayName = Bookly;
				INFOPLIST_KEY_NSHumanReadableCopyright = "";
				LD_RUNPATH_SEARCH_PATHS = (
					"$(inherited)",
					"@executable_path/../Frameworks",
				);
				MACOSX_DEPLOYMENT_TARGET = 13.1;
				MARKETING_VERSION = 1.0;
				PRODUCT_BUNDLE_IDENTIFIER = YanRybkin.MacBookLovers;
				PRODUCT_NAME = "$(TARGET_NAME)";
				SDKROOT = macosx;
				SWIFT_EMIT_LOC_STRINGS = YES;
				SWIFT_VERSION = 5.0;
			};
			name = Release;
		};
/* End XCBuildConfiguration section */

/* Begin XCConfigurationList section */
		093548632B5EAEDE00CC4955 /* Build configuration list for PBXProject "BookLovers" */ = {
			isa = XCConfigurationList;
			buildConfigurations = (
				093548742B5EAEE100CC4955 /* Debug */,
				093548752B5EAEE100CC4955 /* Release */,
			);
			defaultConfigurationIsVisible = 0;
			defaultConfigurationName = Release;
		};
		093548762B5EAEE100CC4955 /* Build configuration list for PBXNativeTarget "BookLovers" */ = {
			isa = XCConfigurationList;
			buildConfigurations = (
				093548772B5EAEE100CC4955 /* Debug */,
				093548782B5EAEE100CC4955 /* Release */,
			);
			defaultConfigurationIsVisible = 0;
			defaultConfigurationName = Release;
		};
		09F746352B869CA300DEBB49 /* Build configuration list for PBXNativeTarget "MacBookLovers" */ = {
			isa = XCConfigurationList;
			buildConfigurations = (
				09F746332B869CA300DEBB49 /* Debug */,
				09F746342B869CA300DEBB49 /* Release */,
			);
			defaultConfigurationIsVisible = 0;
			defaultConfigurationName = Release;
		};
/* End XCConfigurationList section */

/* Begin XCRemoteSwiftPackageReference section */
		090180DF2B90B24000820CAB /* XCRemoteSwiftPackageReference "AlertKit" */ = {
			isa = XCRemoteSwiftPackageReference;
			repositoryURL = "https://github.com/0xYanis/AlertKit";
			requirement = {
				branch = main;
				kind = branch;
			};
		};
		091CC0982BA5A2F900A077A4 /* XCRemoteSwiftPackageReference "firebase-ios-sdk" */ = {
			isa = XCRemoteSwiftPackageReference;
			repositoryURL = "https://github.com/firebase/firebase-ios-sdk";
			requirement = {
				kind = upToNextMajorVersion;
				minimumVersion = 9.0.0;
			};
		};
		0945AF3B2B89FF4E00A4623A /* XCRemoteSwiftPackageReference "Welcome-Sheet" */ = {
			isa = XCRemoteSwiftPackageReference;
			repositoryURL = "https://github.com/MAJKFL/Welcome-Sheet";
			requirement = {
				branch = main;
				kind = branch;
			};
		};
		09A165672B80A79A008C0AB3 /* XCRemoteSwiftPackageReference "ScalingHeaderScrollView" */ = {
			isa = XCRemoteSwiftPackageReference;
			repositoryURL = "https://github.com/exyte/ScalingHeaderScrollView.git";
			requirement = {
				kind = upToNextMajorVersion;
				minimumVersion = 1.0.0;
			};
		};
		09DFDE632B98D16F005821D7 /* XCRemoteSwiftPackageReference "lottie-ios" */ = {
			isa = XCRemoteSwiftPackageReference;
			repositoryURL = "https://github.com/airbnb/lottie-ios";
			requirement = {
				kind = upToNextMajorVersion;
				minimumVersion = 4.0.0;
			};
		};
		09DFDE722B99BF5D005821D7 /* XCRemoteSwiftPackageReference "Kingfisher" */ = {
			isa = XCRemoteSwiftPackageReference;
			repositoryURL = "https://github.com/onevcat/Kingfisher";
			requirement = {
				branch = master;
				kind = branch;
			};
		};
/* End XCRemoteSwiftPackageReference section */

/* Begin XCSwiftPackageProductDependency section */
		090180E02B90B24000820CAB /* AlertKit */ = {
			isa = XCSwiftPackageProductDependency;
			package = 090180DF2B90B24000820CAB /* XCRemoteSwiftPackageReference "AlertKit" */;
			productName = AlertKit;
		};
		0905C52D2B852AF9002342E9 /* Components */ = {
			isa = XCSwiftPackageProductDependency;
			productName = Components;
		};
		091CC0992BA5A2F900A077A4 /* FirebaseAuth */ = {
			isa = XCSwiftPackageProductDependency;
			package = 091CC0982BA5A2F900A077A4 /* XCRemoteSwiftPackageReference "firebase-ios-sdk" */;
			productName = FirebaseAuth;
		};
		091CC09B2BA5A2F900A077A4 /* FirebaseStorage */ = {
			isa = XCSwiftPackageProductDependency;
			package = 091CC0982BA5A2F900A077A4 /* XCRemoteSwiftPackageReference "firebase-ios-sdk" */;
			productName = FirebaseStorage;
		};
		0921FA792B87867C00EE083C /* Components */ = {
			isa = XCSwiftPackageProductDependency;
			productName = Components;
		};
		0945AF3C2B89FF4E00A4623A /* WelcomeSheet */ = {
			isa = XCSwiftPackageProductDependency;
			package = 0945AF3B2B89FF4E00A4623A /* XCRemoteSwiftPackageReference "Welcome-Sheet" */;
			productName = WelcomeSheet;
		};
		0997103C2B8631F900630A16 /* Managers */ = {
			isa = XCSwiftPackageProductDependency;
			productName = Managers;
		};
		09A165682B80A79A008C0AB3 /* ScalingHeaderScrollView */ = {
			isa = XCSwiftPackageProductDependency;
			package = 09A165672B80A79A008C0AB3 /* XCRemoteSwiftPackageReference "ScalingHeaderScrollView" */;
			productName = ScalingHeaderScrollView;
		};
		09A1656A2B80AB9C008C0AB3 /* ScalingHeaderScrollView */ = {
			isa = XCSwiftPackageProductDependency;
			package = 09A165672B80A79A008C0AB3 /* XCRemoteSwiftPackageReference "ScalingHeaderScrollView" */;
			productName = ScalingHeaderScrollView;
		};
		09DFDE642B98D16F005821D7 /* Lottie */ = {
			isa = XCSwiftPackageProductDependency;
			package = 09DFDE632B98D16F005821D7 /* XCRemoteSwiftPackageReference "lottie-ios" */;
			productName = Lottie;
		};
		09DFDE732B99BF5E005821D7 /* Kingfisher */ = {
			isa = XCSwiftPackageProductDependency;
			package = 09DFDE722B99BF5D005821D7 /* XCRemoteSwiftPackageReference "Kingfisher" */;
			productName = Kingfisher;
		};
/* End XCSwiftPackageProductDependency section */
	};
	rootObject = 093548602B5EAEDE00CC4955 /* Project object */;
}
